// !$*UTF8*$!
{
	archiveVersion = 1;
	classes = {
	};
	objectVersion = 50;
	objects = {

/* Begin PBXBuildFile section */
		967AE65E23A01E690081BDAC /* AppDelegate.swift in Sources */ = {isa = PBXBuildFile; fileRef = 967AE65D23A01E690081BDAC /* AppDelegate.swift */; };
		967AE66023A01E690081BDAC /* SceneDelegate.swift in Sources */ = {isa = PBXBuildFile; fileRef = 967AE65F23A01E690081BDAC /* SceneDelegate.swift */; };
		967AE66223A01E690081BDAC /* ContentView.swift in Sources */ = {isa = PBXBuildFile; fileRef = 967AE66123A01E690081BDAC /* ContentView.swift */; };
		967AE66423A01E700081BDAC /* Assets.xcassets in Resources */ = {isa = PBXBuildFile; fileRef = 967AE66323A01E700081BDAC /* Assets.xcassets */; };
		967AE66723A01E700081BDAC /* Preview Assets.xcassets in Resources */ = {isa = PBXBuildFile; fileRef = 967AE66623A01E700081BDAC /* Preview Assets.xcassets */; };
		967AE66A23A01E700081BDAC /* LaunchScreen.storyboard in Resources */ = {isa = PBXBuildFile; fileRef = 967AE66823A01E700081BDAC /* LaunchScreen.storyboard */; };
		967AE67323A01ECC0081BDAC /* Webservice.swift in Sources */ = {isa = PBXBuildFile; fileRef = 967AE67223A01ECC0081BDAC /* Webservice.swift */; };
		967AE67623A01EE40081BDAC /* Post.swift in Sources */ = {isa = PBXBuildFile; fileRef = 967AE67523A01EE40081BDAC /* Post.swift */; };
		967AE67923A023FE0081BDAC /* PostListViewModel.swift in Sources */ = {isa = PBXBuildFile; fileRef = 967AE67823A023FE0081BDAC /* PostListViewModel.swift */; };
/* End PBXBuildFile section */

/* Begin PBXFileReference section */
		967AE65A23A01E690081BDAC /* FetchingWebAPI.app */ = {isa = PBXFileReference; explicitFileType = wrapper.application; includeInIndex = 0; path = FetchingWebAPI.app; sourceTree = BUILT_PRODUCTS_DIR; };
		967AE65D23A01E690081BDAC /* AppDelegate.swift */ = {isa = PBXFileReference; lastKnownFileType = sourcecode.swift; path = AppDelegate.swift; sourceTree = "<group>"; };
		967AE65F23A01E690081BDAC /* SceneDelegate.swift */ = {isa = PBXFileReference; lastKnownFileType = sourcecode.swift; path = SceneDelegate.swift; sourceTree = "<group>"; };
		967AE66123A01E690081BDAC /* ContentView.swift */ = {isa = PBXFileReference; lastKnownFileType = sourcecode.swift; path = ContentView.swift; sourceTree = "<group>"; };
		967AE66323A01E700081BDAC /* Assets.xcassets */ = {isa = PBXFileReference; lastKnownFileType = folder.assetcatalog; path = Assets.xcassets; sourceTree = "<group>"; };
		967AE66623A01E700081BDAC /* Preview Assets.xcassets */ = {isa = PBXFileReference; lastKnownFileType = folder.assetcatalog; path = "Preview Assets.xcassets"; sourceTree = "<group>"; };
		967AE66923A01E700081BDAC /* Base */ = {isa = PBXFileReference; lastKnownFileType = file.storyboard; name = Base; path = Base.lproj/LaunchScreen.storyboard; sourceTree = "<group>"; };
		967AE66B23A01E700081BDAC /* Info.plist */ = {isa = PBXFileReference; lastKnownFileType = text.plist.xml; path = Info.plist; sourceTree = "<group>"; };
		967AE67223A01ECC0081BDAC /* Webservice.swift */ = {isa = PBXFileReference; lastKnownFileType = sourcecode.swift; path = Webservice.swift; sourceTree = "<group>"; };
		967AE67523A01EE40081BDAC /* Post.swift */ = {isa = PBXFileReference; lastKnownFileType = sourcecode.swift; path = Post.swift; sourceTree = "<group>"; };
		967AE67823A023FE0081BDAC /* PostListViewModel.swift */ = {isa = PBXFileReference; lastKnownFileType = sourcecode.swift; path = PostListViewModel.swift; sourceTree = "<group>"; };
/* End PBXFileReference section */

/* Begin PBXFrameworksBuildPhase section */
		967AE65723A01E690081BDAC /* Frameworks */ = {
			isa = PBXFrameworksBuildPhase;
			buildActionMask = 2147483647;
			files = (
			);
			runOnlyForDeploymentPostprocessing = 0;
		};
/* End PBXFrameworksBuildPhase section */

/* Begin PBXGroup section */
		967AE65123A01E690081BDAC = {
			isa = PBXGroup;
			children = (
				967AE65C23A01E690081BDAC /* FetchingWebAPI */,
				967AE65B23A01E690081BDAC /* Products */,
			);
			sourceTree = "<group>";
		};
		967AE65B23A01E690081BDAC /* Products */ = {
			isa = PBXGroup;
			children = (
				967AE65A23A01E690081BDAC /* FetchingWebAPI.app */,
			);
			name = Products;
			sourceTree = "<group>";
		};
		967AE65C23A01E690081BDAC /* FetchingWebAPI */ = {
			isa = PBXGroup;
			children = (
				967AE67723A023EE0081BDAC /* View Models */,
				967AE67423A01ED10081BDAC /* Models */,
				967AE67123A01EBE0081BDAC /* Services */,
				967AE65D23A01E690081BDAC /* AppDelegate.swift */,
				967AE65F23A01E690081BDAC /* SceneDelegate.swift */,
				967AE66123A01E690081BDAC /* ContentView.swift */,
				967AE66323A01E700081BDAC /* Assets.xcassets */,
				967AE66823A01E700081BDAC /* LaunchScreen.storyboard */,
				967AE66B23A01E700081BDAC /* Info.plist */,
				967AE66523A01E700081BDAC /* Preview Content */,
			);
			path = FetchingWebAPI;
			sourceTree = "<group>";
		};
		967AE66523A01E700081BDAC /* Preview Content */ = {
			isa = PBXGroup;
			children = (
				967AE66623A01E700081BDAC /* Preview Assets.xcassets */,
			);
			path = "Preview Content";
			sourceTree = "<group>";
		};
		967AE67123A01EBE0081BDAC /* Services */ = {
			isa = PBXGroup;
			children = (
				967AE67223A01ECC0081BDAC /* Webservice.swift */,
			);
			path = Services;
			sourceTree = "<group>";
		};
		967AE67423A01ED10081BDAC /* Models */ = {
			isa = PBXGroup;
			children = (
				967AE67523A01EE40081BDAC /* Post.swift */,
			);
			path = Models;
			sourceTree = "<group>";
		};
		967AE67723A023EE0081BDAC /* View Models */ = {
			isa = PBXGroup;
			children = (
				967AE67823A023FE0081BDAC /* PostListViewModel.swift */,
			);
			path = "View Models";
			sourceTree = "<group>";
		};
/* End PBXGroup section */

/* Begin PBXNativeTarget section */
		967AE65923A01E690081BDAC /* FetchingWebAPI */ = {
			isa = PBXNativeTarget;
			buildConfigurationList = 967AE66E23A01E700081BDAC /* Build configuration list for PBXNativeTarget "FetchingWebAPI" */;
			buildPhases = (
				967AE65623A01E690081BDAC /* Sources */,
				967AE65723A01E690081BDAC /* Frameworks */,
				967AE65823A01E690081BDAC /* Resources */,
			);
			buildRules = (
			);
			dependencies = (
			);
			name = FetchingWebAPI;
			productName = FetchingWebAPI;
			productReference = 967AE65A23A01E690081BDAC /* FetchingWebAPI.app */;
			productType = "com.apple.product-type.application";
		};
/* End PBXNativeTarget section */

/* Begin PBXProject section */
		967AE65223A01E690081BDAC /* Project object */ = {
			isa = PBXProject;
			attributes = {
				LastSwiftUpdateCheck = 1120;
				LastUpgradeCheck = 1120;
				ORGANIZATIONNAME = Jason;
				TargetAttributes = {
					967AE65923A01E690081BDAC = {
						CreatedOnToolsVersion = 11.2.1;
					};
				};
			};
			buildConfigurationList = 967AE65523A01E690081BDAC /* Build configuration list for PBXProject "FetchingWebAPI" */;
			compatibilityVersion = "Xcode 9.3";
			developmentRegion = en;
			hasScannedForEncodings = 0;
			knownRegions = (
				en,
				Base,
			);
			mainGroup = 967AE65123A01E690081BDAC;
			productRefGroup = 967AE65B23A01E690081BDAC /* Products */;
			projectDirPath = "";
			projectRoot = "";
			targets = (
				967AE65923A01E690081BDAC /* FetchingWebAPI */,
			);
		};
/* End PBXProject section */

/* Begin PBXResourcesBuildPhase section */
		967AE65823A01E690081BDAC /* Resources */ = {
			isa = PBXResourcesBuildPhase;
			buildActionMask = 2147483647;
			files = (
				967AE66A23A01E700081BDAC /* LaunchScreen.storyboard in Resources */,
				967AE66723A01E700081BDAC /* Preview Assets.xcassets in Resources */,
				967AE66423A01E700081BDAC /* Assets.xcassets in Resources */,
			);
			runOnlyForDeploymentPostprocessing = 0;
		};
/* End PBXResourcesBuildPhase section */

/* Begin PBXSourcesBuildPhase section */
		967AE65623A01E690081BDAC /* Sources */ = {
			isa = PBXSourcesBuildPhase;
			buildActionMask = 2147483647;
			files = (
				967AE65E23A01E690081BDAC /* AppDelegate.swift in Sources */,
				967AE67923A023FE0081BDAC /* PostListViewModel.swift in Sources */,
				967AE66023A01E690081BDAC /* SceneDelegate.swift in Sources */,
				967AE67323A01ECC0081BDAC /* Webservice.swift in Sources */,
				967AE66223A01E690081BDAC /* ContentView.swift in Sources */,
				967AE67623A01EE40081BDAC /* Post.swift in Sources */,
			);
			runOnlyForDeploymentPostprocessing = 0;
		};
/* End PBXSourcesBuildPhase section */

/* Begin PBXVariantGroup section */
		967AE66823A01E700081BDAC /* LaunchScreen.storyboard */ = {
			isa = PBXVariantGroup;
			children = (
				967AE66923A01E700081BDAC /* Base */,
			);
			name = LaunchScreen.storyboard;
			sourceTree = "<group>";
		};
/* End PBXVariantGroup section */

/* Begin XCBuildConfiguration section */
		967AE66C23A01E700081BDAC /* Debug */ = {
			isa = XCBuildConfiguration;
			buildSettings = {
				ALWAYS_SEARCH_USER_PATHS = NO;
				CLANG_ANALYZER_NONNULL = YES;
				CLANG_ANALYZER_NUMBER_OBJECT_CONVERSION = YES_AGGRESSIVE;
				CLANG_CXX_LANGUAGE_STANDARD = "gnu++14";
				CLANG_CXX_LIBRARY = "libc++";
				CLANG_ENABLE_MODULES = YES;
				CLANG_ENABLE_OBJC_ARC = YES;
				CLANG_ENABLE_OBJC_WEAK = YES;
				CLANG_WARN_BLOCK_CAPTURE_AUTORELEASING = YES;
				CLANG_WARN_BOOL_CONVERSION = YES;
				CLANG_WARN_COMMA = YES;
				CLANG_WARN_CONSTANT_CONVERSION = YES;
				CLANG_WARN_DEPRECATED_OBJC_IMPLEMENTATIONS = YES;
				CLANG_WARN_DIRECT_OBJC_ISA_USAGE = YES_ERROR;
				CLANG_WARN_DOCUMENTATION_COMMENTS = YES;
				CLANG_WARN_EMPTY_BODY = YES;
				CLANG_WARN_ENUM_CONVERSION = YES;
				CLANG_WARN_INFINITE_RECURSION = YES;
				CLANG_WARN_INT_CONVERSION = YES;
				CLANG_WARN_NON_LITERAL_NULL_CONVERSION = YES;
				CLANG_WARN_OBJC_IMPLICIT_RETAIN_SELF = YES;
				CLANG_WARN_OBJC_LITERAL_CONVERSION = YES;
				CLANG_WARN_OBJC_ROOT_CLASS = YES_ERROR;
				CLANG_WARN_RANGE_LOOP_ANALYSIS = YES;
				CLANG_WARN_STRICT_PROTOTYPES = YES;
				CLANG_WARN_SUSPICIOUS_MOVE = YES;
				CLANG_WARN_UNGUARDED_AVAILABILITY = YES_AGGRESSIVE;
				CLANG_WARN_UNREACHABLE_CODE = YES;
				CLANG_WARN__DUPLICATE_METHOD_MATCH = YES;
				COPY_PHASE_STRIP = NO;
				DEBUG_INFORMATION_FORMAT = dwarf;
				ENABLE_STRICT_OBJC_MSGSEND = YES;
				ENABLE_TESTABILITY = YES;
				GCC_C_LANGUAGE_STANDARD = gnu11;
				GCC_DYNAMIC_NO_PIC = NO;
				GCC_NO_COMMON_BLOCKS = YES;
				GCC_OPTIMIZATION_LEVEL = 0;
				GCC_PREPROCESSOR_DEFINITIONS = (
					"DEBUG=1",
					"$(inherited)",
				);
				GCC_WARN_64_TO_32_BIT_CONVERSION = YES;
				GCC_WARN_ABOUT_RETURN_TYPE = YES_ERROR;
				GCC_WARN_UNDECLARED_SELECTOR = YES;
				GCC_WARN_UNINITIALIZED_AUTOS = YES_AGGRESSIVE;
				GCC_WARN_UNUSED_FUNCTION = YES;
				GCC_WARN_UNUSED_VARIABLE = YES;
				IPHONEOS_DEPLOYMENT_TARGET = 13.2;
				MTL_ENABLE_DEBUG_INFO = INCLUDE_SOURCE;
				MTL_FAST_MATH = YES;
				ONLY_ACTIVE_ARCH = YES;
				SDKROOT = iphoneos;
				SWIFT_ACTIVE_COMPILATION_CONDITIONS = DEBUG;
				SWIFT_OPTIMIZATION_LEVEL = "-Onone";
			};
			name = Debug;
		};
		967AE66D23A01E700081BDAC /* Release */ = {
			isa = XCBuildConfiguration;
			buildSettings = {
				ALWAYS_SEARCH_USER_PATHS = NO;
				CLANG_ANALYZER_NONNULL = YES;
				CLANG_ANALYZER_NUMBER_OBJECT_CONVERSION = YES_AGGRESSIVE;
				CLANG_CXX_LANGUAGE_STANDARD = "gnu++14";
				CLANG_CXX_LIBRARY = "libc++";
				CLANG_ENABLE_MODULES = YES;
				CLANG_ENABLE_OBJC_ARC = YES;
				CLANG_ENABLE_OBJC_WEAK = YES;
				CLANG_WARN_BLOCK_CAPTURE_AUTORELEASING = YES;
				CLANG_WARN_BOOL_CONVERSION = YES;
				CLANG_WARN_COMMA = YES;
				CLANG_WARN_CONSTANT_CONVERSION = YES;
				CLANG_WARN_DEPRECATED_OBJC_IMPLEMENTATIONS = YES;
				CLANG_WARN_DIRECT_OBJC_ISA_USAGE = YES_ERROR;
				CLANG_WARN_DOCUMENTATION_COMMENTS = YES;
				CLANG_WARN_EMPTY_BODY = YES;
				CLANG_WARN_ENUM_CONVERSION = YES;
				CLANG_WARN_INFINITE_RECURSION = YES;
				CLANG_WARN_INT_CONVERSION = YES;
				CLANG_WARN_NON_LITERAL_NULL_CONVERSION = YES;
				CLANG_WARN_OBJC_IMPLICIT_RETAIN_SELF = YES;
				CLANG_WARN_OBJC_LITERAL_CONVERSION = YES;
				CLANG_WARN_OBJC_ROOT_CLASS = YES_ERROR;
				CLANG_WARN_RANGE_LOOP_ANALYSIS = YES;
				CLANG_WARN_STRICT_PROTOTYPES = YES;
				CLANG_WARN_SUSPICIOUS_MOVE = YES;
				CLANG_WARN_UNGUARDED_AVAILABILITY = YES_AGGRESSIVE;
				CLANG_WARN_UNREACHABLE_CODE = YES;
				CLANG_WARN__DUPLICATE_METHOD_MATCH = YES;
				COPY_PHASE_STRIP = NO;
				DEBUG_INFORMATION_FORMAT = "dwarf-with-dsym";
				ENABLE_NS_ASSERTIONS = NO;
				ENABLE_STRICT_OBJC_MSGSEND = YES;
				GCC_C_LANGUAGE_STANDARD = gnu11;
				GCC_NO_COMMON_BLOCKS = YES;
				GCC_WARN_64_TO_32_BIT_CONVERSION = YES;
				GCC_WARN_ABOUT_RETURN_TYPE = YES_ERROR;
				GCC_WARN_UNDECLARED_SELECTOR = YES;
				GCC_WARN_UNINITIALIZED_AUTOS = YES_AGGRESSIVE;
				GCC_WARN_UNUSED_FUNCTION = YES;
				GCC_WARN_UNUSED_VARIABLE = YES;
				IPHONEOS_DEPLOYMENT_TARGET = 13.2;
				MTL_ENABLE_DEBUG_INFO = NO;
				MTL_FAST_MATH = YES;
				SDKROOT = iphoneos;
				SWIFT_COMPILATION_MODE = wholemodule;
				SWIFT_OPTIMIZATION_LEVEL = "-O";
				VALIDATE_PRODUCT = YES;
			};
			name = Release;
		};
		967AE66F23A01E700081BDAC /* Debug */ = {
			isa = XCBuildConfiguration;
			buildSettings = {
				ASSETCATALOG_COMPILER_APPICON_NAME = AppIcon;
				CODE_SIGN_STYLE = Automatic;
				DEVELOPMENT_ASSET_PATHS = "\"FetchingWebAPI/Preview Content\"";
				DEVELOPMENT_TEAM = TZD57UD8UQ;
				ENABLE_PREVIEWS = YES;
				INFOPLIST_FILE = FetchingWebAPI/Info.plist;
				LD_RUNPATH_SEARCH_PATHS = (
					"$(inherited)",
					"@executable_path/Frameworks",
				);
				PRODUCT_BUNDLE_IDENTIFIER = com.apptomist.FetchingWebAPI;
				PRODUCT_NAME = "$(TARGET_NAME)";
				SWIFT_VERSION = 5.0;
				TARGETED_DEVICE_FAMILY = "1,2";
			};
			name = Debug;
		};
		967AE67023A01E700081BDAC /* Release */ = {
			isa = XCBuildConfiguration;
			buildSettings = {
				ASSETCATALOG_COMPILER_APPICON_NAME = AppIcon;
				CODE_SIGN_STYLE = Automatic;
				DEVELOPMENT_ASSET_PATHS = "\"FetchingWebAPI/Preview Content\"";
				DEVELOPMENT_TEAM = TZD57UD8UQ;
				ENABLE_PREVIEWS = YES;
				INFOPLIST_FILE = FetchingWebAPI/Info.plist;
				LD_RUNPATH_SEARCH_PATHS = (
					"$(inherited)",
					"@executable_path/Frameworks",
				);
				PRODUCT_BUNDLE_IDENTIFIER = com.apptomist.FetchingWebAPI;
				PRODUCT_NAME = "$(TARGET_NAME)";
				SWIFT_VERSION = 5.0;
				TARGETED_DEVICE_FAMILY = "1,2";
			};
			name = Release;
		};
/* End XCBuildConfiguration section */

/* Begin XCConfigurationList section */
		967AE65523A01E690081BDAC /* Build configuration list for PBXProject "FetchingWebAPI" */ = {
			isa = XCConfigurationList;
			buildConfigurations = (
				967AE66C23A01E700081BDAC /* Debug */,
				967AE66D23A01E700081BDAC /* Release */,
			);
			defaultConfigurationIsVisible = 0;
			defaultConfigurationName = Release;
		};
		967AE66E23A01E700081BDAC /* Build configuration list for PBXNativeTarget "FetchingWebAPI" */ = {
			isa = XCConfigurationList;
			buildConfigurations = (
				967AE66F23A01E700081BDAC /* Debug */,
				967AE67023A01E700081BDAC /* Release */,
			);
			defaultConfigurationIsVisible = 0;
			defaultConfigurationName = Release;
		};
/* End XCConfigurationList section */
	};
	rootObject = 967AE65223A01E690081BDAC /* Project object */;
}
