// !$*UTF8*$!
{
	archiveVersion = 1;
	classes = {
	};
	objectVersion = 50;
	objects = {

/* Begin PBXBuildFile section */
		96C151C923A3CAB70038B059 /* AppDelegate.swift in Sources */ = {isa = PBXBuildFile; fileRef = 96C151C823A3CAB70038B059 /* AppDelegate.swift */; };
		96C151CB23A3CAB80038B059 /* SceneDelegate.swift in Sources */ = {isa = PBXBuildFile; fileRef = 96C151CA23A3CAB80038B059 /* SceneDelegate.swift */; };
		96C151CD23A3CAB80038B059 /* ContentView.swift in Sources */ = {isa = PBXBuildFile; fileRef = 96C151CC23A3CAB80038B059 /* ContentView.swift */; };
		96C151CF23A3CABC0038B059 /* Assets.xcassets in Resources */ = {isa = PBXBuildFile; fileRef = 96C151CE23A3CABC0038B059 /* Assets.xcassets */; };
		96C151D223A3CABC0038B059 /* Preview Assets.xcassets in Resources */ = {isa = PBXBuildFile; fileRef = 96C151D123A3CABC0038B059 /* Preview Assets.xcassets */; };
		96C151D523A3CABC0038B059 /* LaunchScreen.storyboard in Resources */ = {isa = PBXBuildFile; fileRef = 96C151D323A3CABC0038B059 /* LaunchScreen.storyboard */; };
		96C151DF23A3CB550038B059 /* Application.swift in Sources */ = {isa = PBXBuildFile; fileRef = 96C151DE23A3CB550038B059 /* Application.swift */; };
		96C151E123A3CB720038B059 /* UsingComparable.swift in Sources */ = {isa = PBXBuildFile; fileRef = 96C151E023A3CB720038B059 /* UsingComparable.swift */; };
/* End PBXBuildFile section */

/* Begin PBXFileReference section */
		96C151C523A3CAB70038B059 /* BucketList.app */ = {isa = PBXFileReference; explicitFileType = wrapper.application; includeInIndex = 0; path = BucketList.app; sourceTree = BUILT_PRODUCTS_DIR; };
		96C151C823A3CAB70038B059 /* AppDelegate.swift */ = {isa = PBXFileReference; lastKnownFileType = sourcecode.swift; path = AppDelegate.swift; sourceTree = "<group>"; };
		96C151CA23A3CAB80038B059 /* SceneDelegate.swift */ = {isa = PBXFileReference; lastKnownFileType = sourcecode.swift; path = SceneDelegate.swift; sourceTree = "<group>"; };
		96C151CC23A3CAB80038B059 /* ContentView.swift */ = {isa = PBXFileReference; lastKnownFileType = sourcecode.swift; path = ContentView.swift; sourceTree = "<group>"; };
		96C151CE23A3CABC0038B059 /* Assets.xcassets */ = {isa = PBXFileReference; lastKnownFileType = folder.assetcatalog; path = Assets.xcassets; sourceTree = "<group>"; };
		96C151D123A3CABC0038B059 /* Preview Assets.xcassets */ = {isa = PBXFileReference; lastKnownFileType = folder.assetcatalog; path = "Preview Assets.xcassets"; sourceTree = "<group>"; };
		96C151D423A3CABC0038B059 /* Base */ = {isa = PBXFileReference; lastKnownFileType = file.storyboard; name = Base; path = Base.lproj/LaunchScreen.storyboard; sourceTree = "<group>"; };
		96C151D623A3CABC0038B059 /* Info.plist */ = {isa = PBXFileReference; lastKnownFileType = text.plist.xml; path = Info.plist; sourceTree = "<group>"; };
		96C151DE23A3CB550038B059 /* Application.swift */ = {isa = PBXFileReference; lastKnownFileType = sourcecode.swift; path = Application.swift; sourceTree = "<group>"; };
		96C151E023A3CB720038B059 /* UsingComparable.swift */ = {isa = PBXFileReference; lastKnownFileType = sourcecode.swift; path = UsingComparable.swift; sourceTree = "<group>"; };
/* End PBXFileReference section */

/* Begin PBXFrameworksBuildPhase section */
		96C151C223A3CAB70038B059 /* Frameworks */ = {
			isa = PBXFrameworksBuildPhase;
			buildActionMask = 2147483647;
			files = (
			);
			runOnlyForDeploymentPostprocessing = 0;
		};
/* End PBXFrameworksBuildPhase section */

/* Begin PBXGroup section */
		96C151BC23A3CAB70038B059 = {
			isa = PBXGroup;
			children = (
				96C151C723A3CAB70038B059 /* BucketList */,
				96C151C623A3CAB70038B059 /* Products */,
			);
			sourceTree = "<group>";
		};
		96C151C623A3CAB70038B059 /* Products */ = {
			isa = PBXGroup;
			children = (
				96C151C523A3CAB70038B059 /* BucketList.app */,
			);
			name = Products;
			sourceTree = "<group>";
		};
		96C151C723A3CAB70038B059 /* BucketList */ = {
			isa = PBXGroup;
			children = (
				96C151DD23A3CB430038B059 /* Main */,
				96C151DC23A3CB3A0038B059 /* Fundamentals */,
				96C151C823A3CAB70038B059 /* AppDelegate.swift */,
				96C151CA23A3CAB80038B059 /* SceneDelegate.swift */,
				96C151CC23A3CAB80038B059 /* ContentView.swift */,
				96C151CE23A3CABC0038B059 /* Assets.xcassets */,
				96C151D323A3CABC0038B059 /* LaunchScreen.storyboard */,
				96C151D623A3CABC0038B059 /* Info.plist */,
				96C151D023A3CABC0038B059 /* Preview Content */,
			);
			path = BucketList;
			sourceTree = "<group>";
		};
		96C151D023A3CABC0038B059 /* Preview Content */ = {
			isa = PBXGroup;
			children = (
				96C151D123A3CABC0038B059 /* Preview Assets.xcassets */,
			);
			path = "Preview Content";
			sourceTree = "<group>";
		};
		96C151DC23A3CB3A0038B059 /* Fundamentals */ = {
			isa = PBXGroup;
			children = (
				96C151E023A3CB720038B059 /* UsingComparable.swift */,
			);
			path = Fundamentals;
			sourceTree = "<group>";
		};
		96C151DD23A3CB430038B059 /* Main */ = {
			isa = PBXGroup;
			children = (
				96C151DE23A3CB550038B059 /* Application.swift */,
			);
			path = Main;
			sourceTree = "<group>";
		};
/* End PBXGroup section */

/* Begin PBXNativeTarget section */
		96C151C423A3CAB70038B059 /* BucketList */ = {
			isa = PBXNativeTarget;
			buildConfigurationList = 96C151D923A3CABC0038B059 /* Build configuration list for PBXNativeTarget "BucketList" */;
			buildPhases = (
				96C151C123A3CAB70038B059 /* Sources */,
				96C151C223A3CAB70038B059 /* Frameworks */,
				96C151C323A3CAB70038B059 /* Resources */,
			);
			buildRules = (
			);
			dependencies = (
			);
			name = BucketList;
			productName = BucketList;
			productReference = 96C151C523A3CAB70038B059 /* BucketList.app */;
			productType = "com.apple.product-type.application";
		};
/* End PBXNativeTarget section */

/* Begin PBXProject section */
		96C151BD23A3CAB70038B059 /* Project object */ = {
			isa = PBXProject;
			attributes = {
				LastSwiftUpdateCheck = 1120;
				LastUpgradeCheck = 1120;
				ORGANIZATIONNAME = Jason;
				TargetAttributes = {
					96C151C423A3CAB70038B059 = {
						CreatedOnToolsVersion = 11.2.1;
					};
				};
			};
			buildConfigurationList = 96C151C023A3CAB70038B059 /* Build configuration list for PBXProject "BucketList" */;
			compatibilityVersion = "Xcode 9.3";
			developmentRegion = en;
			hasScannedForEncodings = 0;
			knownRegions = (
				en,
				Base,
			);
			mainGroup = 96C151BC23A3CAB70038B059;
			productRefGroup = 96C151C623A3CAB70038B059 /* Products */;
			projectDirPath = "";
			projectRoot = "";
			targets = (
				96C151C423A3CAB70038B059 /* BucketList */,
			);
		};
/* End PBXProject section */

/* Begin PBXResourcesBuildPhase section */
		96C151C323A3CAB70038B059 /* Resources */ = {
			isa = PBXResourcesBuildPhase;
			buildActionMask = 2147483647;
			files = (
				96C151D523A3CABC0038B059 /* LaunchScreen.storyboard in Resources */,
				96C151D223A3CABC0038B059 /* Preview Assets.xcassets in Resources */,
				96C151CF23A3CABC0038B059 /* Assets.xcassets in Resources */,
			);
			runOnlyForDeploymentPostprocessing = 0;
		};
/* End PBXResourcesBuildPhase section */

/* Begin PBXSourcesBuildPhase section */
		96C151C123A3CAB70038B059 /* Sources */ = {
			isa = PBXSourcesBuildPhase;
			buildActionMask = 2147483647;
			files = (
				96C151DF23A3CB550038B059 /* Application.swift in Sources */,
				96C151E123A3CB720038B059 /* UsingComparable.swift in Sources */,
				96C151C923A3CAB70038B059 /* AppDelegate.swift in Sources */,
				96C151CB23A3CAB80038B059 /* SceneDelegate.swift in Sources */,
				96C151CD23A3CAB80038B059 /* ContentView.swift in Sources */,
			);
			runOnlyForDeploymentPostprocessing = 0;
		};
/* End PBXSourcesBuildPhase section */

/* Begin PBXVariantGroup section */
		96C151D323A3CABC0038B059 /* LaunchScreen.storyboard */ = {
			isa = PBXVariantGroup;
			children = (
				96C151D423A3CABC0038B059 /* Base */,
			);
			name = LaunchScreen.storyboard;
			sourceTree = "<group>";
		};
/* End PBXVariantGroup section */

/* Begin XCBuildConfiguration section */
		96C151D723A3CABC0038B059 /* Debug */ = {
			isa = XCBuildConfiguration;
			buildSettings = {
				ALWAYS_SEARCH_USER_PATHS = NO;
				CLANG_ANALYZER_NONNULL = YES;
				CLANG_ANALYZER_NUMBER_OBJECT_CONVERSION = YES_AGGRESSIVE;
				CLANG_CXX_LANGUAGE_STANDARD = "gnu++14";
				CLANG_CXX_LIBRARY = "libc++";
				CLANG_ENABLE_MODULES = YES;
				CLANG_ENABLE_OBJC_ARC = YES;
				CLANG_ENABLE_OBJC_WEAK = YES;
				CLANG_WARN_BLOCK_CAPTURE_AUTORELEASING = YES;
				CLANG_WARN_BOOL_CONVERSION = YES;
				CLANG_WARN_COMMA = YES;
				CLANG_WARN_CONSTANT_CONVERSION = YES;
				CLANG_WARN_DEPRECATED_OBJC_IMPLEMENTATIONS = YES;
				CLANG_WARN_DIRECT_OBJC_ISA_USAGE = YES_ERROR;
				CLANG_WARN_DOCUMENTATION_COMMENTS = YES;
				CLANG_WARN_EMPTY_BODY = YES;
				CLANG_WARN_ENUM_CONVERSION = YES;
				CLANG_WARN_INFINITE_RECURSION = YES;
				CLANG_WARN_INT_CONVERSION = YES;
				CLANG_WARN_NON_LITERAL_NULL_CONVERSION = YES;
				CLANG_WARN_OBJC_IMPLICIT_RETAIN_SELF = YES;
				CLANG_WARN_OBJC_LITERAL_CONVERSION = YES;
				CLANG_WARN_OBJC_ROOT_CLASS = YES_ERROR;
				CLANG_WARN_RANGE_LOOP_ANALYSIS = YES;
				CLANG_WARN_STRICT_PROTOTYPES = YES;
				CLANG_WARN_SUSPICIOUS_MOVE = YES;
				CLANG_WARN_UNGUARDED_AVAILABILITY = YES_AGGRESSIVE;
				CLANG_WARN_UNREACHABLE_CODE = YES;
				CLANG_WARN__DUPLICATE_METHOD_MATCH = YES;
				COPY_PHASE_STRIP = NO;
				DEBUG_INFORMATION_FORMAT = dwarf;
				ENABLE_STRICT_OBJC_MSGSEND = YES;
				ENABLE_TESTABILITY = YES;
				GCC_C_LANGUAGE_STANDARD = gnu11;
				GCC_DYNAMIC_NO_PIC = NO;
				GCC_NO_COMMON_BLOCKS = YES;
				GCC_OPTIMIZATION_LEVEL = 0;
				GCC_PREPROCESSOR_DEFINITIONS = (
					"DEBUG=1",
					"$(inherited)",
				);
				GCC_WARN_64_TO_32_BIT_CONVERSION = YES;
				GCC_WARN_ABOUT_RETURN_TYPE = YES_ERROR;
				GCC_WARN_UNDECLARED_SELECTOR = YES;
				GCC_WARN_UNINITIALIZED_AUTOS = YES_AGGRESSIVE;
				GCC_WARN_UNUSED_FUNCTION = YES;
				GCC_WARN_UNUSED_VARIABLE = YES;
				IPHONEOS_DEPLOYMENT_TARGET = 13.2;
				MTL_ENABLE_DEBUG_INFO = INCLUDE_SOURCE;
				MTL_FAST_MATH = YES;
				ONLY_ACTIVE_ARCH = YES;
				SDKROOT = iphoneos;
				SWIFT_ACTIVE_COMPILATION_CONDITIONS = DEBUG;
				SWIFT_OPTIMIZATION_LEVEL = "-Onone";
			};
			name = Debug;
		};
		96C151D823A3CABC0038B059 /* Release */ = {
			isa = XCBuildConfiguration;
			buildSettings = {
				ALWAYS_SEARCH_USER_PATHS = NO;
				CLANG_ANALYZER_NONNULL = YES;
				CLANG_ANALYZER_NUMBER_OBJECT_CONVERSION = YES_AGGRESSIVE;
				CLANG_CXX_LANGUAGE_STANDARD = "gnu++14";
				CLANG_CXX_LIBRARY = "libc++";
				CLANG_ENABLE_MODULES = YES;
				CLANG_ENABLE_OBJC_ARC = YES;
				CLANG_ENABLE_OBJC_WEAK = YES;
				CLANG_WARN_BLOCK_CAPTURE_AUTORELEASING = YES;
				CLANG_WARN_BOOL_CONVERSION = YES;
				CLANG_WARN_COMMA = YES;
				CLANG_WARN_CONSTANT_CONVERSION = YES;
				CLANG_WARN_DEPRECATED_OBJC_IMPLEMENTATIONS = YES;
				CLANG_WARN_DIRECT_OBJC_ISA_USAGE = YES_ERROR;
				CLANG_WARN_DOCUMENTATION_COMMENTS = YES;
				CLANG_WARN_EMPTY_BODY = YES;
				CLANG_WARN_ENUM_CONVERSION = YES;
				CLANG_WARN_INFINITE_RECURSION = YES;
				CLANG_WARN_INT_CONVERSION = YES;
				CLANG_WARN_NON_LITERAL_NULL_CONVERSION = YES;
				CLANG_WARN_OBJC_IMPLICIT_RETAIN_SELF = YES;
				CLANG_WARN_OBJC_LITERAL_CONVERSION = YES;
				CLANG_WARN_OBJC_ROOT_CLASS = YES_ERROR;
				CLANG_WARN_RANGE_LOOP_ANALYSIS = YES;
				CLANG_WARN_STRICT_PROTOTYPES = YES;
				CLANG_WARN_SUSPICIOUS_MOVE = YES;
				CLANG_WARN_UNGUARDED_AVAILABILITY = YES_AGGRESSIVE;
				CLANG_WARN_UNREACHABLE_CODE = YES;
				CLANG_WARN__DUPLICATE_METHOD_MATCH = YES;
				COPY_PHASE_STRIP = NO;
				DEBUG_INFORMATION_FORMAT = "dwarf-with-dsym";
				ENABLE_NS_ASSERTIONS = NO;
				ENABLE_STRICT_OBJC_MSGSEND = YES;
				GCC_C_LANGUAGE_STANDARD = gnu11;
				GCC_NO_COMMON_BLOCKS = YES;
				GCC_WARN_64_TO_32_BIT_CONVERSION = YES;
				GCC_WARN_ABOUT_RETURN_TYPE = YES_ERROR;
				GCC_WARN_UNDECLARED_SELECTOR = YES;
				GCC_WARN_UNINITIALIZED_AUTOS = YES_AGGRESSIVE;
				GCC_WARN_UNUSED_FUNCTION = YES;
				GCC_WARN_UNUSED_VARIABLE = YES;
				IPHONEOS_DEPLOYMENT_TARGET = 13.2;
				MTL_ENABLE_DEBUG_INFO = NO;
				MTL_FAST_MATH = YES;
				SDKROOT = iphoneos;
				SWIFT_COMPILATION_MODE = wholemodule;
				SWIFT_OPTIMIZATION_LEVEL = "-O";
				VALIDATE_PRODUCT = YES;
			};
			name = Release;
		};
		96C151DA23A3CABC0038B059 /* Debug */ = {
			isa = XCBuildConfiguration;
			buildSettings = {
				ASSETCATALOG_COMPILER_APPICON_NAME = AppIcon;
				CODE_SIGN_STYLE = Automatic;
				DEVELOPMENT_ASSET_PATHS = "\"BucketList/Preview Content\"";
				DEVELOPMENT_TEAM = TZD57UD8UQ;
				ENABLE_PREVIEWS = YES;
				INFOPLIST_FILE = BucketList/Info.plist;
				LD_RUNPATH_SEARCH_PATHS = (
					"$(inherited)",
					"@executable_path/Frameworks",
				);
				PRODUCT_BUNDLE_IDENTIFIER = com.apptomist.BucketList;
				PRODUCT_NAME = "$(TARGET_NAME)";
				SWIFT_VERSION = 5.0;
				TARGETED_DEVICE_FAMILY = "1,2";
			};
			name = Debug;
		};
		96C151DB23A3CABC0038B059 /* Release */ = {
			isa = XCBuildConfiguration;
			buildSettings = {
				ASSETCATALOG_COMPILER_APPICON_NAME = AppIcon;
				CODE_SIGN_STYLE = Automatic;
				DEVELOPMENT_ASSET_PATHS = "\"BucketList/Preview Content\"";
				DEVELOPMENT_TEAM = TZD57UD8UQ;
				ENABLE_PREVIEWS = YES;
				INFOPLIST_FILE = BucketList/Info.plist;
				LD_RUNPATH_SEARCH_PATHS = (
					"$(inherited)",
					"@executable_path/Frameworks",
				);
				PRODUCT_BUNDLE_IDENTIFIER = com.apptomist.BucketList;
				PRODUCT_NAME = "$(TARGET_NAME)";
				SWIFT_VERSION = 5.0;
				TARGETED_DEVICE_FAMILY = "1,2";
			};
			name = Release;
		};
/* End XCBuildConfiguration section */

/* Begin XCConfigurationList section */
		96C151C023A3CAB70038B059 /* Build configuration list for PBXProject "BucketList" */ = {
			isa = XCConfigurationList;
			buildConfigurations = (
				96C151D723A3CABC0038B059 /* Debug */,
				96C151D823A3CABC0038B059 /* Release */,
			);
			defaultConfigurationIsVisible = 0;
			defaultConfigurationName = Release;
		};
		96C151D923A3CABC0038B059 /* Build configuration list for PBXNativeTarget "BucketList" */ = {
			isa = XCConfigurationList;
			buildConfigurations = (
				96C151DA23A3CABC0038B059 /* Debug */,
				96C151DB23A3CABC0038B059 /* Release */,
			);
			defaultConfigurationIsVisible = 0;
			defaultConfigurationName = Release;
		};
/* End XCConfigurationList section */
	};
	rootObject = 96C151BD23A3CAB70038B059 /* Project object */;
}
