// !$*UTF8*$!
{
	archiveVersion = 1;
	classes = {
	};
	objectVersion = 50;
	objects = {

/* Begin PBXBuildFile section */
		961E09BD2387A9D500222645 /* RatingView.swift in Sources */ = {isa = PBXBuildFile; fileRef = 961E09BC2387A9D500222645 /* RatingView.swift */; };
		96AA87D52385087E0098B5C5 /* AppDelegate.swift in Sources */ = {isa = PBXBuildFile; fileRef = 96AA87D42385087E0098B5C5 /* AppDelegate.swift */; };
		96AA87D72385087E0098B5C5 /* SceneDelegate.swift in Sources */ = {isa = PBXBuildFile; fileRef = 96AA87D62385087E0098B5C5 /* SceneDelegate.swift */; };
		96AA87DA2385087E0098B5C5 /* Bookworm.xcdatamodeld in Sources */ = {isa = PBXBuildFile; fileRef = 96AA87D82385087E0098B5C5 /* Bookworm.xcdatamodeld */; };
		96AA87DC2385087E0098B5C5 /* ContentView.swift in Sources */ = {isa = PBXBuildFile; fileRef = 96AA87DB2385087E0098B5C5 /* ContentView.swift */; };
		96AA87DE238508810098B5C5 /* Assets.xcassets in Resources */ = {isa = PBXBuildFile; fileRef = 96AA87DD238508810098B5C5 /* Assets.xcassets */; };
		96AA87E1238508810098B5C5 /* Preview Assets.xcassets in Resources */ = {isa = PBXBuildFile; fileRef = 96AA87E0238508810098B5C5 /* Preview Assets.xcassets */; };
		96AA87E4238508810098B5C5 /* LaunchScreen.storyboard in Resources */ = {isa = PBXBuildFile; fileRef = 96AA87E2238508810098B5C5 /* LaunchScreen.storyboard */; };
		96AA87EE238508BD0098B5C5 /* CustomComponent.swift in Sources */ = {isa = PBXBuildFile; fileRef = 96AA87ED238508BD0098B5C5 /* CustomComponent.swift */; };
		96AA87F0238508CD0098B5C5 /* Application.swift in Sources */ = {isa = PBXBuildFile; fileRef = 96AA87EF238508CD0098B5C5 /* Application.swift */; };
		96AA87F2238517710098B5C5 /* UsingAnyView.swift in Sources */ = {isa = PBXBuildFile; fileRef = 96AA87F1238517710098B5C5 /* UsingAnyView.swift */; };
		96AA87F42386C8A30098B5C5 /* UsingCoreData.swift in Sources */ = {isa = PBXBuildFile; fileRef = 96AA87F32386C8A20098B5C5 /* UsingCoreData.swift */; };
		96AA87F623875D4B0098B5C5 /* AddBookView.swift in Sources */ = {isa = PBXBuildFile; fileRef = 96AA87F523875D4B0098B5C5 /* AddBookView.swift */; };
/* End PBXBuildFile section */

/* Begin PBXFileReference section */
		961E09BC2387A9D500222645 /* RatingView.swift */ = {isa = PBXFileReference; lastKnownFileType = sourcecode.swift; path = RatingView.swift; sourceTree = "<group>"; };
		96AA87D12385087E0098B5C5 /* Bookworm.app */ = {isa = PBXFileReference; explicitFileType = wrapper.application; includeInIndex = 0; path = Bookworm.app; sourceTree = BUILT_PRODUCTS_DIR; };
		96AA87D42385087E0098B5C5 /* AppDelegate.swift */ = {isa = PBXFileReference; lastKnownFileType = sourcecode.swift; path = AppDelegate.swift; sourceTree = "<group>"; };
		96AA87D62385087E0098B5C5 /* SceneDelegate.swift */ = {isa = PBXFileReference; lastKnownFileType = sourcecode.swift; path = SceneDelegate.swift; sourceTree = "<group>"; };
		96AA87D92385087E0098B5C5 /* Bookworm.xcdatamodel */ = {isa = PBXFileReference; lastKnownFileType = wrapper.xcdatamodel; path = Bookworm.xcdatamodel; sourceTree = "<group>"; };
		96AA87DB2385087E0098B5C5 /* ContentView.swift */ = {isa = PBXFileReference; lastKnownFileType = sourcecode.swift; path = ContentView.swift; sourceTree = "<group>"; };
		96AA87DD238508810098B5C5 /* Assets.xcassets */ = {isa = PBXFileReference; lastKnownFileType = folder.assetcatalog; path = Assets.xcassets; sourceTree = "<group>"; };
		96AA87E0238508810098B5C5 /* Preview Assets.xcassets */ = {isa = PBXFileReference; lastKnownFileType = folder.assetcatalog; path = "Preview Assets.xcassets"; sourceTree = "<group>"; };
		96AA87E3238508810098B5C5 /* Base */ = {isa = PBXFileReference; lastKnownFileType = file.storyboard; name = Base; path = Base.lproj/LaunchScreen.storyboard; sourceTree = "<group>"; };
		96AA87E5238508810098B5C5 /* Info.plist */ = {isa = PBXFileReference; lastKnownFileType = text.plist.xml; path = Info.plist; sourceTree = "<group>"; };
		96AA87ED238508BD0098B5C5 /* CustomComponent.swift */ = {isa = PBXFileReference; lastKnownFileType = sourcecode.swift; path = CustomComponent.swift; sourceTree = "<group>"; };
		96AA87EF238508CD0098B5C5 /* Application.swift */ = {isa = PBXFileReference; lastKnownFileType = sourcecode.swift; path = Application.swift; sourceTree = "<group>"; };
		96AA87F1238517710098B5C5 /* UsingAnyView.swift */ = {isa = PBXFileReference; lastKnownFileType = sourcecode.swift; path = UsingAnyView.swift; sourceTree = "<group>"; };
		96AA87F32386C8A20098B5C5 /* UsingCoreData.swift */ = {isa = PBXFileReference; lastKnownFileType = sourcecode.swift; path = UsingCoreData.swift; sourceTree = "<group>"; };
		96AA87F523875D4B0098B5C5 /* AddBookView.swift */ = {isa = PBXFileReference; lastKnownFileType = sourcecode.swift; path = AddBookView.swift; sourceTree = "<group>"; };
/* End PBXFileReference section */

/* Begin PBXFrameworksBuildPhase section */
		96AA87CE2385087E0098B5C5 /* Frameworks */ = {
			isa = PBXFrameworksBuildPhase;
			buildActionMask = 2147483647;
			files = (
			);
			runOnlyForDeploymentPostprocessing = 0;
		};
/* End PBXFrameworksBuildPhase section */

/* Begin PBXGroup section */
		96AA87C82385087E0098B5C5 = {
			isa = PBXGroup;
			children = (
				96AA87D32385087E0098B5C5 /* Bookworm */,
				96AA87D22385087E0098B5C5 /* Products */,
			);
			sourceTree = "<group>";
		};
		96AA87D22385087E0098B5C5 /* Products */ = {
			isa = PBXGroup;
			children = (
				96AA87D12385087E0098B5C5 /* Bookworm.app */,
			);
			name = Products;
			sourceTree = "<group>";
		};
		96AA87D32385087E0098B5C5 /* Bookworm */ = {
			isa = PBXGroup;
			children = (
				96AA87EC238508970098B5C5 /* Fundamentals */,
				96AA87EB238508920098B5C5 /* Main */,
				96AA87D42385087E0098B5C5 /* AppDelegate.swift */,
				96AA87D62385087E0098B5C5 /* SceneDelegate.swift */,
				96AA87DB2385087E0098B5C5 /* ContentView.swift */,
				96AA87DD238508810098B5C5 /* Assets.xcassets */,
				96AA87E2238508810098B5C5 /* LaunchScreen.storyboard */,
				96AA87E5238508810098B5C5 /* Info.plist */,
				96AA87D82385087E0098B5C5 /* Bookworm.xcdatamodeld */,
				96AA87DF238508810098B5C5 /* Preview Content */,
			);
			path = Bookworm;
			sourceTree = "<group>";
		};
		96AA87DF238508810098B5C5 /* Preview Content */ = {
			isa = PBXGroup;
			children = (
				96AA87E0238508810098B5C5 /* Preview Assets.xcassets */,
			);
			path = "Preview Content";
			sourceTree = "<group>";
		};
		96AA87EB238508920098B5C5 /* Main */ = {
			isa = PBXGroup;
			children = (
				96AA87EF238508CD0098B5C5 /* Application.swift */,
				96AA87F523875D4B0098B5C5 /* AddBookView.swift */,
				961E09BC2387A9D500222645 /* RatingView.swift */,
			);
			path = Main;
			sourceTree = "<group>";
		};
		96AA87EC238508970098B5C5 /* Fundamentals */ = {
			isa = PBXGroup;
			children = (
				96AA87ED238508BD0098B5C5 /* CustomComponent.swift */,
				96AA87F1238517710098B5C5 /* UsingAnyView.swift */,
				96AA87F32386C8A20098B5C5 /* UsingCoreData.swift */,
			);
			path = Fundamentals;
			sourceTree = "<group>";
		};
/* End PBXGroup section */

/* Begin PBXNativeTarget section */
		96AA87D02385087E0098B5C5 /* Bookworm */ = {
			isa = PBXNativeTarget;
			buildConfigurationList = 96AA87E8238508810098B5C5 /* Build configuration list for PBXNativeTarget "Bookworm" */;
			buildPhases = (
				96AA87CD2385087E0098B5C5 /* Sources */,
				96AA87CE2385087E0098B5C5 /* Frameworks */,
				96AA87CF2385087E0098B5C5 /* Resources */,
			);
			buildRules = (
			);
			dependencies = (
			);
			name = Bookworm;
			productName = Bookworm;
			productReference = 96AA87D12385087E0098B5C5 /* Bookworm.app */;
			productType = "com.apple.product-type.application";
		};
/* End PBXNativeTarget section */

/* Begin PBXProject section */
		96AA87C92385087E0098B5C5 /* Project object */ = {
			isa = PBXProject;
			attributes = {
				LastSwiftUpdateCheck = 1120;
				LastUpgradeCheck = 1120;
				ORGANIZATIONNAME = Jason;
				TargetAttributes = {
					96AA87D02385087E0098B5C5 = {
						CreatedOnToolsVersion = 11.2;
					};
				};
			};
			buildConfigurationList = 96AA87CC2385087E0098B5C5 /* Build configuration list for PBXProject "Bookworm" */;
			compatibilityVersion = "Xcode 9.3";
			developmentRegion = en;
			hasScannedForEncodings = 0;
			knownRegions = (
				en,
				Base,
			);
			mainGroup = 96AA87C82385087E0098B5C5;
			productRefGroup = 96AA87D22385087E0098B5C5 /* Products */;
			projectDirPath = "";
			projectRoot = "";
			targets = (
				96AA87D02385087E0098B5C5 /* Bookworm */,
			);
		};
/* End PBXProject section */

/* Begin PBXResourcesBuildPhase section */
		96AA87CF2385087E0098B5C5 /* Resources */ = {
			isa = PBXResourcesBuildPhase;
			buildActionMask = 2147483647;
			files = (
				96AA87E4238508810098B5C5 /* LaunchScreen.storyboard in Resources */,
				96AA87E1238508810098B5C5 /* Preview Assets.xcassets in Resources */,
				96AA87DE238508810098B5C5 /* Assets.xcassets in Resources */,
			);
			runOnlyForDeploymentPostprocessing = 0;
		};
/* End PBXResourcesBuildPhase section */

/* Begin PBXSourcesBuildPhase section */
		96AA87CD2385087E0098B5C5 /* Sources */ = {
			isa = PBXSourcesBuildPhase;
			buildActionMask = 2147483647;
			files = (
				96AA87F0238508CD0098B5C5 /* Application.swift in Sources */,
				96AA87F623875D4B0098B5C5 /* AddBookView.swift in Sources */,
				96AA87F2238517710098B5C5 /* UsingAnyView.swift in Sources */,
				961E09BD2387A9D500222645 /* RatingView.swift in Sources */,
				96AA87D52385087E0098B5C5 /* AppDelegate.swift in Sources */,
				96AA87DA2385087E0098B5C5 /* Bookworm.xcdatamodeld in Sources */,
				96AA87DC2385087E0098B5C5 /* ContentView.swift in Sources */,
				96AA87D72385087E0098B5C5 /* SceneDelegate.swift in Sources */,
				96AA87EE238508BD0098B5C5 /* CustomComponent.swift in Sources */,
				96AA87F42386C8A30098B5C5 /* UsingCoreData.swift in Sources */,
			);
			runOnlyForDeploymentPostprocessing = 0;
		};
/* End PBXSourcesBuildPhase section */

/* Begin PBXVariantGroup section */
		96AA87E2238508810098B5C5 /* LaunchScreen.storyboard */ = {
			isa = PBXVariantGroup;
			children = (
				96AA87E3238508810098B5C5 /* Base */,
			);
			name = LaunchScreen.storyboard;
			sourceTree = "<group>";
		};
/* End PBXVariantGroup section */

/* Begin XCBuildConfiguration section */
		96AA87E6238508810098B5C5 /* Debug */ = {
			isa = XCBuildConfiguration;
			buildSettings = {
				ALWAYS_SEARCH_USER_PATHS = NO;
				CLANG_ANALYZER_NONNULL = YES;
				CLANG_ANALYZER_NUMBER_OBJECT_CONVERSION = YES_AGGRESSIVE;
				CLANG_CXX_LANGUAGE_STANDARD = "gnu++14";
				CLANG_CXX_LIBRARY = "libc++";
				CLANG_ENABLE_MODULES = YES;
				CLANG_ENABLE_OBJC_ARC = YES;
				CLANG_ENABLE_OBJC_WEAK = YES;
				CLANG_WARN_BLOCK_CAPTURE_AUTORELEASING = YES;
				CLANG_WARN_BOOL_CONVERSION = YES;
				CLANG_WARN_COMMA = YES;
				CLANG_WARN_CONSTANT_CONVERSION = YES;
				CLANG_WARN_DEPRECATED_OBJC_IMPLEMENTATIONS = YES;
				CLANG_WARN_DIRECT_OBJC_ISA_USAGE = YES_ERROR;
				CLANG_WARN_DOCUMENTATION_COMMENTS = YES;
				CLANG_WARN_EMPTY_BODY = YES;
				CLANG_WARN_ENUM_CONVERSION = YES;
				CLANG_WARN_INFINITE_RECURSION = YES;
				CLANG_WARN_INT_CONVERSION = YES;
				CLANG_WARN_NON_LITERAL_NULL_CONVERSION = YES;
				CLANG_WARN_OBJC_IMPLICIT_RETAIN_SELF = YES;
				CLANG_WARN_OBJC_LITERAL_CONVERSION = YES;
				CLANG_WARN_OBJC_ROOT_CLASS = YES_ERROR;
				CLANG_WARN_RANGE_LOOP_ANALYSIS = YES;
				CLANG_WARN_STRICT_PROTOTYPES = YES;
				CLANG_WARN_SUSPICIOUS_MOVE = YES;
				CLANG_WARN_UNGUARDED_AVAILABILITY = YES_AGGRESSIVE;
				CLANG_WARN_UNREACHABLE_CODE = YES;
				CLANG_WARN__DUPLICATE_METHOD_MATCH = YES;
				COPY_PHASE_STRIP = NO;
				DEBUG_INFORMATION_FORMAT = dwarf;
				ENABLE_STRICT_OBJC_MSGSEND = YES;
				ENABLE_TESTABILITY = YES;
				GCC_C_LANGUAGE_STANDARD = gnu11;
				GCC_DYNAMIC_NO_PIC = NO;
				GCC_NO_COMMON_BLOCKS = YES;
				GCC_OPTIMIZATION_LEVEL = 0;
				GCC_PREPROCESSOR_DEFINITIONS = (
					"DEBUG=1",
					"$(inherited)",
				);
				GCC_WARN_64_TO_32_BIT_CONVERSION = YES;
				GCC_WARN_ABOUT_RETURN_TYPE = YES_ERROR;
				GCC_WARN_UNDECLARED_SELECTOR = YES;
				GCC_WARN_UNINITIALIZED_AUTOS = YES_AGGRESSIVE;
				GCC_WARN_UNUSED_FUNCTION = YES;
				GCC_WARN_UNUSED_VARIABLE = YES;
				IPHONEOS_DEPLOYMENT_TARGET = 13.2;
				MTL_ENABLE_DEBUG_INFO = INCLUDE_SOURCE;
				MTL_FAST_MATH = YES;
				ONLY_ACTIVE_ARCH = YES;
				SDKROOT = iphoneos;
				SWIFT_ACTIVE_COMPILATION_CONDITIONS = DEBUG;
				SWIFT_OPTIMIZATION_LEVEL = "-Onone";
			};
			name = Debug;
		};
		96AA87E7238508810098B5C5 /* Release */ = {
			isa = XCBuildConfiguration;
			buildSettings = {
				ALWAYS_SEARCH_USER_PATHS = NO;
				CLANG_ANALYZER_NONNULL = YES;
				CLANG_ANALYZER_NUMBER_OBJECT_CONVERSION = YES_AGGRESSIVE;
				CLANG_CXX_LANGUAGE_STANDARD = "gnu++14";
				CLANG_CXX_LIBRARY = "libc++";
				CLANG_ENABLE_MODULES = YES;
				CLANG_ENABLE_OBJC_ARC = YES;
				CLANG_ENABLE_OBJC_WEAK = YES;
				CLANG_WARN_BLOCK_CAPTURE_AUTORELEASING = YES;
				CLANG_WARN_BOOL_CONVERSION = YES;
				CLANG_WARN_COMMA = YES;
				CLANG_WARN_CONSTANT_CONVERSION = YES;
				CLANG_WARN_DEPRECATED_OBJC_IMPLEMENTATIONS = YES;
				CLANG_WARN_DIRECT_OBJC_ISA_USAGE = YES_ERROR;
				CLANG_WARN_DOCUMENTATION_COMMENTS = YES;
				CLANG_WARN_EMPTY_BODY = YES;
				CLANG_WARN_ENUM_CONVERSION = YES;
				CLANG_WARN_INFINITE_RECURSION = YES;
				CLANG_WARN_INT_CONVERSION = YES;
				CLANG_WARN_NON_LITERAL_NULL_CONVERSION = YES;
				CLANG_WARN_OBJC_IMPLICIT_RETAIN_SELF = YES;
				CLANG_WARN_OBJC_LITERAL_CONVERSION = YES;
				CLANG_WARN_OBJC_ROOT_CLASS = YES_ERROR;
				CLANG_WARN_RANGE_LOOP_ANALYSIS = YES;
				CLANG_WARN_STRICT_PROTOTYPES = YES;
				CLANG_WARN_SUSPICIOUS_MOVE = YES;
				CLANG_WARN_UNGUARDED_AVAILABILITY = YES_AGGRESSIVE;
				CLANG_WARN_UNREACHABLE_CODE = YES;
				CLANG_WARN__DUPLICATE_METHOD_MATCH = YES;
				COPY_PHASE_STRIP = NO;
				DEBUG_INFORMATION_FORMAT = "dwarf-with-dsym";
				ENABLE_NS_ASSERTIONS = NO;
				ENABLE_STRICT_OBJC_MSGSEND = YES;
				GCC_C_LANGUAGE_STANDARD = gnu11;
				GCC_NO_COMMON_BLOCKS = YES;
				GCC_WARN_64_TO_32_BIT_CONVERSION = YES;
				GCC_WARN_ABOUT_RETURN_TYPE = YES_ERROR;
				GCC_WARN_UNDECLARED_SELECTOR = YES;
				GCC_WARN_UNINITIALIZED_AUTOS = YES_AGGRESSIVE;
				GCC_WARN_UNUSED_FUNCTION = YES;
				GCC_WARN_UNUSED_VARIABLE = YES;
				IPHONEOS_DEPLOYMENT_TARGET = 13.2;
				MTL_ENABLE_DEBUG_INFO = NO;
				MTL_FAST_MATH = YES;
				SDKROOT = iphoneos;
				SWIFT_COMPILATION_MODE = wholemodule;
				SWIFT_OPTIMIZATION_LEVEL = "-O";
				VALIDATE_PRODUCT = YES;
			};
			name = Release;
		};
		96AA87E9238508810098B5C5 /* Debug */ = {
			isa = XCBuildConfiguration;
			buildSettings = {
				ASSETCATALOG_COMPILER_APPICON_NAME = AppIcon;
				CODE_SIGN_STYLE = Automatic;
				DEVELOPMENT_ASSET_PATHS = "\"Bookworm/Preview Content\"";
				DEVELOPMENT_TEAM = TZD57UD8UQ;
				ENABLE_PREVIEWS = YES;
				INFOPLIST_FILE = Bookworm/Info.plist;
				LD_RUNPATH_SEARCH_PATHS = (
					"$(inherited)",
					"@executable_path/Frameworks",
				);
				PRODUCT_BUNDLE_IDENTIFIER = com.apptomist.Bookworm;
				PRODUCT_NAME = "$(TARGET_NAME)";
				SWIFT_VERSION = 5.0;
				TARGETED_DEVICE_FAMILY = "1,2";
			};
			name = Debug;
		};
		96AA87EA238508810098B5C5 /* Release */ = {
			isa = XCBuildConfiguration;
			buildSettings = {
				ASSETCATALOG_COMPILER_APPICON_NAME = AppIcon;
				CODE_SIGN_STYLE = Automatic;
				DEVELOPMENT_ASSET_PATHS = "\"Bookworm/Preview Content\"";
				DEVELOPMENT_TEAM = TZD57UD8UQ;
				ENABLE_PREVIEWS = YES;
				INFOPLIST_FILE = Bookworm/Info.plist;
				LD_RUNPATH_SEARCH_PATHS = (
					"$(inherited)",
					"@executable_path/Frameworks",
				);
				PRODUCT_BUNDLE_IDENTIFIER = com.apptomist.Bookworm;
				PRODUCT_NAME = "$(TARGET_NAME)";
				SWIFT_VERSION = 5.0;
				TARGETED_DEVICE_FAMILY = "1,2";
			};
			name = Release;
		};
/* End XCBuildConfiguration section */

/* Begin XCConfigurationList section */
		96AA87CC2385087E0098B5C5 /* Build configuration list for PBXProject "Bookworm" */ = {
			isa = XCConfigurationList;
			buildConfigurations = (
				96AA87E6238508810098B5C5 /* Debug */,
				96AA87E7238508810098B5C5 /* Release */,
			);
			defaultConfigurationIsVisible = 0;
			defaultConfigurationName = Release;
		};
		96AA87E8238508810098B5C5 /* Build configuration list for PBXNativeTarget "Bookworm" */ = {
			isa = XCConfigurationList;
			buildConfigurations = (
				96AA87E9238508810098B5C5 /* Debug */,
				96AA87EA238508810098B5C5 /* Release */,
			);
			defaultConfigurationIsVisible = 0;
			defaultConfigurationName = Release;
		};
/* End XCConfigurationList section */

/* Begin XCVersionGroup section */
		96AA87D82385087E0098B5C5 /* Bookworm.xcdatamodeld */ = {
			isa = XCVersionGroup;
			children = (
				96AA87D92385087E0098B5C5 /* Bookworm.xcdatamodel */,
			);
			currentVersion = 96AA87D92385087E0098B5C5 /* Bookworm.xcdatamodel */;
			path = Bookworm.xcdatamodeld;
			sourceTree = "<group>";
			versionGroupType = wrapper.xcdatamodel;
		};
/* End XCVersionGroup section */
	};
	rootObject = 96AA87C92385087E0098B5C5 /* Project object */;
}
