// !$*UTF8*$!
{
	archiveVersion = 1;
	classes = {
	};
	objectVersion = 50;
	objects = {

/* Begin PBXBuildFile section */
		9642E95823890897007DD862 /* AppDelegate.swift in Sources */ = {isa = PBXBuildFile; fileRef = 9642E95723890897007DD862 /* AppDelegate.swift */; };
		9642E95A23890897007DD862 /* SceneDelegate.swift in Sources */ = {isa = PBXBuildFile; fileRef = 9642E95923890897007DD862 /* SceneDelegate.swift */; };
		9642E95D23890897007DD862 /* CoreDataProject.xcdatamodeld in Sources */ = {isa = PBXBuildFile; fileRef = 9642E95B23890897007DD862 /* CoreDataProject.xcdatamodeld */; };
		9642E95F23890897007DD862 /* ContentView.swift in Sources */ = {isa = PBXBuildFile; fileRef = 9642E95E23890897007DD862 /* ContentView.swift */; };
		9642E9612389089E007DD862 /* Assets.xcassets in Resources */ = {isa = PBXBuildFile; fileRef = 9642E9602389089E007DD862 /* Assets.xcassets */; };
		9642E9642389089E007DD862 /* Preview Assets.xcassets in Resources */ = {isa = PBXBuildFile; fileRef = 9642E9632389089E007DD862 /* Preview Assets.xcassets */; };
		9642E9672389089E007DD862 /* LaunchScreen.storyboard in Resources */ = {isa = PBXBuildFile; fileRef = 9642E9652389089E007DD862 /* LaunchScreen.storyboard */; };
		9642E97123890906007DD862 /* UnderstandingForEach.swift in Sources */ = {isa = PBXBuildFile; fileRef = 9642E97023890906007DD862 /* UnderstandingForEach.swift */; };
		9642E9732389094C007DD862 /* Application.swift in Sources */ = {isa = PBXBuildFile; fileRef = 9642E9722389094C007DD862 /* Application.swift */; };
		964A7B732394080F00E8144B /* CreatingNSManagedObjects.swift in Sources */ = {isa = PBXBuildFile; fileRef = 964A7B722394080F00E8144B /* CreatingNSManagedObjects.swift */; };
		964A7B7A239409BD00E8144B /* Movie+CoreDataClass.swift in Sources */ = {isa = PBXBuildFile; fileRef = 964A7B78239409BD00E8144B /* Movie+CoreDataClass.swift */; };
		964A7B7B239409BD00E8144B /* Movie+CoreDataProperties.swift in Sources */ = {isa = PBXBuildFile; fileRef = 964A7B79239409BD00E8144B /* Movie+CoreDataProperties.swift */; };
		964A7B7D23940BF200E8144B /* NSManagedObjectContext.swift in Sources */ = {isa = PBXBuildFile; fileRef = 964A7B7C23940BF200E8144B /* NSManagedObjectContext.swift */; };
		964A7B7F23940DAF00E8144B /* UsingCoreDataConstraints.swift in Sources */ = {isa = PBXBuildFile; fileRef = 964A7B7E23940DAF00E8144B /* UsingCoreDataConstraints.swift */; };
		964A7B812394133C00E8144B /* FilteringUsingNSPredicate.swift in Sources */ = {isa = PBXBuildFile; fileRef = 964A7B802394133C00E8144B /* FilteringUsingNSPredicate.swift */; };
		964A7B832394181800E8144B /* DynamicallyFiltering.swift in Sources */ = {isa = PBXBuildFile; fileRef = 964A7B822394181800E8144B /* DynamicallyFiltering.swift */; };
		964A7B862394187000E8144B /* Singer+CoreDataClass.swift in Sources */ = {isa = PBXBuildFile; fileRef = 964A7B842394187000E8144B /* Singer+CoreDataClass.swift */; };
		964A7B872394187000E8144B /* Singer+CoreDataProperties.swift in Sources */ = {isa = PBXBuildFile; fileRef = 964A7B852394187000E8144B /* Singer+CoreDataProperties.swift */; };
		964A7B8923941A3000E8144B /* FilteredList.swift in Sources */ = {isa = PBXBuildFile; fileRef = 964A7B8823941A3000E8144B /* FilteredList.swift */; };
		964A7B8E2394210D00E8144B /* Country+CoreDataClass.swift in Sources */ = {isa = PBXBuildFile; fileRef = 964A7B8A2394210D00E8144B /* Country+CoreDataClass.swift */; };
		964A7B8F2394210E00E8144B /* Country+CoreDataProperties.swift in Sources */ = {isa = PBXBuildFile; fileRef = 964A7B8B2394210D00E8144B /* Country+CoreDataProperties.swift */; };
		964A7B902394210E00E8144B /* Candy+CoreDataClass.swift in Sources */ = {isa = PBXBuildFile; fileRef = 964A7B8C2394210D00E8144B /* Candy+CoreDataClass.swift */; };
		964A7B912394210E00E8144B /* Candy+CoreDataProperties.swift in Sources */ = {isa = PBXBuildFile; fileRef = 964A7B8D2394210D00E8144B /* Candy+CoreDataProperties.swift */; };
/* End PBXBuildFile section */

/* Begin PBXFileReference section */
		9642E95423890897007DD862 /* CoreDataProject.app */ = {isa = PBXFileReference; explicitFileType = wrapper.application; includeInIndex = 0; path = CoreDataProject.app; sourceTree = BUILT_PRODUCTS_DIR; };
		9642E95723890897007DD862 /* AppDelegate.swift */ = {isa = PBXFileReference; lastKnownFileType = sourcecode.swift; path = AppDelegate.swift; sourceTree = "<group>"; };
		9642E95923890897007DD862 /* SceneDelegate.swift */ = {isa = PBXFileReference; lastKnownFileType = sourcecode.swift; path = SceneDelegate.swift; sourceTree = "<group>"; };
		9642E95C23890897007DD862 /* CoreDataProject.xcdatamodel */ = {isa = PBXFileReference; lastKnownFileType = wrapper.xcdatamodel; path = CoreDataProject.xcdatamodel; sourceTree = "<group>"; };
		9642E95E23890897007DD862 /* ContentView.swift */ = {isa = PBXFileReference; lastKnownFileType = sourcecode.swift; path = ContentView.swift; sourceTree = "<group>"; };
		9642E9602389089E007DD862 /* Assets.xcassets */ = {isa = PBXFileReference; lastKnownFileType = folder.assetcatalog; path = Assets.xcassets; sourceTree = "<group>"; };
		9642E9632389089E007DD862 /* Preview Assets.xcassets */ = {isa = PBXFileReference; lastKnownFileType = folder.assetcatalog; path = "Preview Assets.xcassets"; sourceTree = "<group>"; };
		9642E9662389089E007DD862 /* Base */ = {isa = PBXFileReference; lastKnownFileType = file.storyboard; name = Base; path = Base.lproj/LaunchScreen.storyboard; sourceTree = "<group>"; };
		9642E9682389089E007DD862 /* Info.plist */ = {isa = PBXFileReference; lastKnownFileType = text.plist.xml; path = Info.plist; sourceTree = "<group>"; };
		9642E97023890906007DD862 /* UnderstandingForEach.swift */ = {isa = PBXFileReference; lastKnownFileType = sourcecode.swift; path = UnderstandingForEach.swift; sourceTree = "<group>"; };
		9642E9722389094C007DD862 /* Application.swift */ = {isa = PBXFileReference; lastKnownFileType = sourcecode.swift; path = Application.swift; sourceTree = "<group>"; };
		964A7B722394080F00E8144B /* CreatingNSManagedObjects.swift */ = {isa = PBXFileReference; lastKnownFileType = sourcecode.swift; path = CreatingNSManagedObjects.swift; sourceTree = "<group>"; };
		964A7B78239409BD00E8144B /* Movie+CoreDataClass.swift */ = {isa = PBXFileReference; lastKnownFileType = sourcecode.swift; path = "Movie+CoreDataClass.swift"; sourceTree = "<group>"; };
		964A7B79239409BD00E8144B /* Movie+CoreDataProperties.swift */ = {isa = PBXFileReference; lastKnownFileType = sourcecode.swift; path = "Movie+CoreDataProperties.swift"; sourceTree = "<group>"; };
		964A7B7C23940BF200E8144B /* NSManagedObjectContext.swift */ = {isa = PBXFileReference; lastKnownFileType = sourcecode.swift; path = NSManagedObjectContext.swift; sourceTree = "<group>"; };
		964A7B7E23940DAF00E8144B /* UsingCoreDataConstraints.swift */ = {isa = PBXFileReference; lastKnownFileType = sourcecode.swift; path = UsingCoreDataConstraints.swift; sourceTree = "<group>"; };
		964A7B802394133C00E8144B /* FilteringUsingNSPredicate.swift */ = {isa = PBXFileReference; lastKnownFileType = sourcecode.swift; path = FilteringUsingNSPredicate.swift; sourceTree = "<group>"; };
		964A7B822394181800E8144B /* DynamicallyFiltering.swift */ = {isa = PBXFileReference; lastKnownFileType = sourcecode.swift; path = DynamicallyFiltering.swift; sourceTree = "<group>"; };
		964A7B842394187000E8144B /* Singer+CoreDataClass.swift */ = {isa = PBXFileReference; lastKnownFileType = sourcecode.swift; path = "Singer+CoreDataClass.swift"; sourceTree = "<group>"; };
		964A7B852394187000E8144B /* Singer+CoreDataProperties.swift */ = {isa = PBXFileReference; lastKnownFileType = sourcecode.swift; path = "Singer+CoreDataProperties.swift"; sourceTree = "<group>"; };
		964A7B8823941A3000E8144B /* FilteredList.swift */ = {isa = PBXFileReference; lastKnownFileType = sourcecode.swift; path = FilteredList.swift; sourceTree = "<group>"; };
		964A7B8A2394210D00E8144B /* Country+CoreDataClass.swift */ = {isa = PBXFileReference; lastKnownFileType = sourcecode.swift; path = "Country+CoreDataClass.swift"; sourceTree = "<group>"; };
		964A7B8B2394210D00E8144B /* Country+CoreDataProperties.swift */ = {isa = PBXFileReference; lastKnownFileType = sourcecode.swift; path = "Country+CoreDataProperties.swift"; sourceTree = "<group>"; };
		964A7B8C2394210D00E8144B /* Candy+CoreDataClass.swift */ = {isa = PBXFileReference; lastKnownFileType = sourcecode.swift; path = "Candy+CoreDataClass.swift"; sourceTree = "<group>"; };
		964A7B8D2394210D00E8144B /* Candy+CoreDataProperties.swift */ = {isa = PBXFileReference; lastKnownFileType = sourcecode.swift; path = "Candy+CoreDataProperties.swift"; sourceTree = "<group>"; };
/* End PBXFileReference section */

/* Begin PBXFrameworksBuildPhase section */
		9642E95123890897007DD862 /* Frameworks */ = {
			isa = PBXFrameworksBuildPhase;
			buildActionMask = 2147483647;
			files = (
			);
			runOnlyForDeploymentPostprocessing = 0;
		};
/* End PBXFrameworksBuildPhase section */

/* Begin PBXGroup section */
		9642E94B23890897007DD862 = {
			isa = PBXGroup;
			children = (
				9642E95623890897007DD862 /* CoreDataProject */,
				9642E95523890897007DD862 /* Products */,
			);
			sourceTree = "<group>";
		};
		9642E95523890897007DD862 /* Products */ = {
			isa = PBXGroup;
			children = (
				9642E95423890897007DD862 /* CoreDataProject.app */,
			);
			name = Products;
			sourceTree = "<group>";
		};
		9642E95623890897007DD862 /* CoreDataProject */ = {
			isa = PBXGroup;
			children = (
				964A7B8A2394210D00E8144B /* Country+CoreDataClass.swift */,
				964A7B8B2394210D00E8144B /* Country+CoreDataProperties.swift */,
				964A7B8C2394210D00E8144B /* Candy+CoreDataClass.swift */,
				964A7B8D2394210D00E8144B /* Candy+CoreDataProperties.swift */,
				964A7B842394187000E8144B /* Singer+CoreDataClass.swift */,
				964A7B852394187000E8144B /* Singer+CoreDataProperties.swift */,
				964A7B78239409BD00E8144B /* Movie+CoreDataClass.swift */,
				964A7B79239409BD00E8144B /* Movie+CoreDataProperties.swift */,
				9642E96F238908D5007DD862 /* Fundamentals */,
				9642E96E238908CE007DD862 /* Main */,
				9642E95723890897007DD862 /* AppDelegate.swift */,
				9642E95923890897007DD862 /* SceneDelegate.swift */,
				9642E95E23890897007DD862 /* ContentView.swift */,
				9642E9602389089E007DD862 /* Assets.xcassets */,
				9642E9652389089E007DD862 /* LaunchScreen.storyboard */,
				9642E9682389089E007DD862 /* Info.plist */,
				9642E95B23890897007DD862 /* CoreDataProject.xcdatamodeld */,
				9642E9622389089E007DD862 /* Preview Content */,
			);
			path = CoreDataProject;
			sourceTree = "<group>";
		};
		9642E9622389089E007DD862 /* Preview Content */ = {
			isa = PBXGroup;
			children = (
				9642E9632389089E007DD862 /* Preview Assets.xcassets */,
			);
			path = "Preview Content";
			sourceTree = "<group>";
		};
		9642E96E238908CE007DD862 /* Main */ = {
			isa = PBXGroup;
			children = (
				9642E9722389094C007DD862 /* Application.swift */,
			);
			path = Main;
			sourceTree = "<group>";
		};
		9642E96F238908D5007DD862 /* Fundamentals */ = {
			isa = PBXGroup;
			children = (
				9642E97023890906007DD862 /* UnderstandingForEach.swift */,
				964A7B722394080F00E8144B /* CreatingNSManagedObjects.swift */,
				964A7B7C23940BF200E8144B /* NSManagedObjectContext.swift */,
				964A7B7E23940DAF00E8144B /* UsingCoreDataConstraints.swift */,
				964A7B802394133C00E8144B /* FilteringUsingNSPredicate.swift */,
				964A7B822394181800E8144B /* DynamicallyFiltering.swift */,
				964A7B8823941A3000E8144B /* FilteredList.swift */,
			);
			path = Fundamentals;
			sourceTree = "<group>";
		};
/* End PBXGroup section */

/* Begin PBXNativeTarget section */
		9642E95323890897007DD862 /* CoreDataProject */ = {
			isa = PBXNativeTarget;
			buildConfigurationList = 9642E96B2389089E007DD862 /* Build configuration list for PBXNativeTarget "CoreDataProject" */;
			buildPhases = (
				9642E95023890897007DD862 /* Sources */,
				9642E95123890897007DD862 /* Frameworks */,
				9642E95223890897007DD862 /* Resources */,
			);
			buildRules = (
			);
			dependencies = (
			);
			name = CoreDataProject;
			productName = CoreDataProject;
			productReference = 9642E95423890897007DD862 /* CoreDataProject.app */;
			productType = "com.apple.product-type.application";
		};
/* End PBXNativeTarget section */

/* Begin PBXProject section */
		9642E94C23890897007DD862 /* Project object */ = {
			isa = PBXProject;
			attributes = {
				LastSwiftUpdateCheck = 1120;
				LastUpgradeCheck = 1120;
				ORGANIZATIONNAME = Jason;
				TargetAttributes = {
					9642E95323890897007DD862 = {
						CreatedOnToolsVersion = 11.2.1;
					};
				};
			};
			buildConfigurationList = 9642E94F23890897007DD862 /* Build configuration list for PBXProject "CoreDataProject" */;
			compatibilityVersion = "Xcode 9.3";
			developmentRegion = en;
			hasScannedForEncodings = 0;
			knownRegions = (
				en,
				Base,
			);
			mainGroup = 9642E94B23890897007DD862;
			productRefGroup = 9642E95523890897007DD862 /* Products */;
			projectDirPath = "";
			projectRoot = "";
			targets = (
				9642E95323890897007DD862 /* CoreDataProject */,
			);
		};
/* End PBXProject section */

/* Begin PBXResourcesBuildPhase section */
		9642E95223890897007DD862 /* Resources */ = {
			isa = PBXResourcesBuildPhase;
			buildActionMask = 2147483647;
			files = (
				9642E9672389089E007DD862 /* LaunchScreen.storyboard in Resources */,
				9642E9642389089E007DD862 /* Preview Assets.xcassets in Resources */,
				9642E9612389089E007DD862 /* Assets.xcassets in Resources */,
			);
			runOnlyForDeploymentPostprocessing = 0;
		};
/* End PBXResourcesBuildPhase section */

/* Begin PBXSourcesBuildPhase section */
		9642E95023890897007DD862 /* Sources */ = {
			isa = PBXSourcesBuildPhase;
			buildActionMask = 2147483647;
			files = (
				9642E9732389094C007DD862 /* Application.swift in Sources */,
				9642E95823890897007DD862 /* AppDelegate.swift in Sources */,
				964A7B812394133C00E8144B /* FilteringUsingNSPredicate.swift in Sources */,
				9642E97123890906007DD862 /* UnderstandingForEach.swift in Sources */,
				964A7B7B239409BD00E8144B /* Movie+CoreDataProperties.swift in Sources */,
				964A7B832394181800E8144B /* DynamicallyFiltering.swift in Sources */,
				964A7B8E2394210D00E8144B /* Country+CoreDataClass.swift in Sources */,
				9642E95A23890897007DD862 /* SceneDelegate.swift in Sources */,
				964A7B8F2394210E00E8144B /* Country+CoreDataProperties.swift in Sources */,
				964A7B862394187000E8144B /* Singer+CoreDataClass.swift in Sources */,
				964A7B8923941A3000E8144B /* FilteredList.swift in Sources */,
				964A7B912394210E00E8144B /* Candy+CoreDataProperties.swift in Sources */,
				9642E95F23890897007DD862 /* ContentView.swift in Sources */,
				964A7B7F23940DAF00E8144B /* UsingCoreDataConstraints.swift in Sources */,
				964A7B872394187000E8144B /* Singer+CoreDataProperties.swift in Sources */,
				964A7B732394080F00E8144B /* CreatingNSManagedObjects.swift in Sources */,
				964A7B7A239409BD00E8144B /* Movie+CoreDataClass.swift in Sources */,
				964A7B902394210E00E8144B /* Candy+CoreDataClass.swift in Sources */,
				9642E95D23890897007DD862 /* CoreDataProject.xcdatamodeld in Sources */,
				964A7B7D23940BF200E8144B /* NSManagedObjectContext.swift in Sources */,
			);
			runOnlyForDeploymentPostprocessing = 0;
		};
/* End PBXSourcesBuildPhase section */

/* Begin PBXVariantGroup section */
		9642E9652389089E007DD862 /* LaunchScreen.storyboard */ = {
			isa = PBXVariantGroup;
			children = (
				9642E9662389089E007DD862 /* Base */,
			);
			name = LaunchScreen.storyboard;
			sourceTree = "<group>";
		};
/* End PBXVariantGroup section */

/* Begin XCBuildConfiguration section */
		9642E9692389089E007DD862 /* Debug */ = {
			isa = XCBuildConfiguration;
			buildSettings = {
				ALWAYS_SEARCH_USER_PATHS = NO;
				CLANG_ANALYZER_NONNULL = YES;
				CLANG_ANALYZER_NUMBER_OBJECT_CONVERSION = YES_AGGRESSIVE;
				CLANG_CXX_LANGUAGE_STANDARD = "gnu++14";
				CLANG_CXX_LIBRARY = "libc++";
				CLANG_ENABLE_MODULES = YES;
				CLANG_ENABLE_OBJC_ARC = YES;
				CLANG_ENABLE_OBJC_WEAK = YES;
				CLANG_WARN_BLOCK_CAPTURE_AUTORELEASING = YES;
				CLANG_WARN_BOOL_CONVERSION = YES;
				CLANG_WARN_COMMA = YES;
				CLANG_WARN_CONSTANT_CONVERSION = YES;
				CLANG_WARN_DEPRECATED_OBJC_IMPLEMENTATIONS = YES;
				CLANG_WARN_DIRECT_OBJC_ISA_USAGE = YES_ERROR;
				CLANG_WARN_DOCUMENTATION_COMMENTS = YES;
				CLANG_WARN_EMPTY_BODY = YES;
				CLANG_WARN_ENUM_CONVERSION = YES;
				CLANG_WARN_INFINITE_RECURSION = YES;
				CLANG_WARN_INT_CONVERSION = YES;
				CLANG_WARN_NON_LITERAL_NULL_CONVERSION = YES;
				CLANG_WARN_OBJC_IMPLICIT_RETAIN_SELF = YES;
				CLANG_WARN_OBJC_LITERAL_CONVERSION = YES;
				CLANG_WARN_OBJC_ROOT_CLASS = YES_ERROR;
				CLANG_WARN_RANGE_LOOP_ANALYSIS = YES;
				CLANG_WARN_STRICT_PROTOTYPES = YES;
				CLANG_WARN_SUSPICIOUS_MOVE = YES;
				CLANG_WARN_UNGUARDED_AVAILABILITY = YES_AGGRESSIVE;
				CLANG_WARN_UNREACHABLE_CODE = YES;
				CLANG_WARN__DUPLICATE_METHOD_MATCH = YES;
				COPY_PHASE_STRIP = NO;
				DEBUG_INFORMATION_FORMAT = dwarf;
				ENABLE_STRICT_OBJC_MSGSEND = YES;
				ENABLE_TESTABILITY = YES;
				GCC_C_LANGUAGE_STANDARD = gnu11;
				GCC_DYNAMIC_NO_PIC = NO;
				GCC_NO_COMMON_BLOCKS = YES;
				GCC_OPTIMIZATION_LEVEL = 0;
				GCC_PREPROCESSOR_DEFINITIONS = (
					"DEBUG=1",
					"$(inherited)",
				);
				GCC_WARN_64_TO_32_BIT_CONVERSION = YES;
				GCC_WARN_ABOUT_RETURN_TYPE = YES_ERROR;
				GCC_WARN_UNDECLARED_SELECTOR = YES;
				GCC_WARN_UNINITIALIZED_AUTOS = YES_AGGRESSIVE;
				GCC_WARN_UNUSED_FUNCTION = YES;
				GCC_WARN_UNUSED_VARIABLE = YES;
				IPHONEOS_DEPLOYMENT_TARGET = 13.2;
				MTL_ENABLE_DEBUG_INFO = INCLUDE_SOURCE;
				MTL_FAST_MATH = YES;
				ONLY_ACTIVE_ARCH = YES;
				SDKROOT = iphoneos;
				SWIFT_ACTIVE_COMPILATION_CONDITIONS = DEBUG;
				SWIFT_OPTIMIZATION_LEVEL = "-Onone";
			};
			name = Debug;
		};
		9642E96A2389089E007DD862 /* Release */ = {
			isa = XCBuildConfiguration;
			buildSettings = {
				ALWAYS_SEARCH_USER_PATHS = NO;
				CLANG_ANALYZER_NONNULL = YES;
				CLANG_ANALYZER_NUMBER_OBJECT_CONVERSION = YES_AGGRESSIVE;
				CLANG_CXX_LANGUAGE_STANDARD = "gnu++14";
				CLANG_CXX_LIBRARY = "libc++";
				CLANG_ENABLE_MODULES = YES;
				CLANG_ENABLE_OBJC_ARC = YES;
				CLANG_ENABLE_OBJC_WEAK = YES;
				CLANG_WARN_BLOCK_CAPTURE_AUTORELEASING = YES;
				CLANG_WARN_BOOL_CONVERSION = YES;
				CLANG_WARN_COMMA = YES;
				CLANG_WARN_CONSTANT_CONVERSION = YES;
				CLANG_WARN_DEPRECATED_OBJC_IMPLEMENTATIONS = YES;
				CLANG_WARN_DIRECT_OBJC_ISA_USAGE = YES_ERROR;
				CLANG_WARN_DOCUMENTATION_COMMENTS = YES;
				CLANG_WARN_EMPTY_BODY = YES;
				CLANG_WARN_ENUM_CONVERSION = YES;
				CLANG_WARN_INFINITE_RECURSION = YES;
				CLANG_WARN_INT_CONVERSION = YES;
				CLANG_WARN_NON_LITERAL_NULL_CONVERSION = YES;
				CLANG_WARN_OBJC_IMPLICIT_RETAIN_SELF = YES;
				CLANG_WARN_OBJC_LITERAL_CONVERSION = YES;
				CLANG_WARN_OBJC_ROOT_CLASS = YES_ERROR;
				CLANG_WARN_RANGE_LOOP_ANALYSIS = YES;
				CLANG_WARN_STRICT_PROTOTYPES = YES;
				CLANG_WARN_SUSPICIOUS_MOVE = YES;
				CLANG_WARN_UNGUARDED_AVAILABILITY = YES_AGGRESSIVE;
				CLANG_WARN_UNREACHABLE_CODE = YES;
				CLANG_WARN__DUPLICATE_METHOD_MATCH = YES;
				COPY_PHASE_STRIP = NO;
				DEBUG_INFORMATION_FORMAT = "dwarf-with-dsym";
				ENABLE_NS_ASSERTIONS = NO;
				ENABLE_STRICT_OBJC_MSGSEND = YES;
				GCC_C_LANGUAGE_STANDARD = gnu11;
				GCC_NO_COMMON_BLOCKS = YES;
				GCC_WARN_64_TO_32_BIT_CONVERSION = YES;
				GCC_WARN_ABOUT_RETURN_TYPE = YES_ERROR;
				GCC_WARN_UNDECLARED_SELECTOR = YES;
				GCC_WARN_UNINITIALIZED_AUTOS = YES_AGGRESSIVE;
				GCC_WARN_UNUSED_FUNCTION = YES;
				GCC_WARN_UNUSED_VARIABLE = YES;
				IPHONEOS_DEPLOYMENT_TARGET = 13.2;
				MTL_ENABLE_DEBUG_INFO = NO;
				MTL_FAST_MATH = YES;
				SDKROOT = iphoneos;
				SWIFT_COMPILATION_MODE = wholemodule;
				SWIFT_OPTIMIZATION_LEVEL = "-O";
				VALIDATE_PRODUCT = YES;
			};
			name = Release;
		};
		9642E96C2389089E007DD862 /* Debug */ = {
			isa = XCBuildConfiguration;
			buildSettings = {
				ASSETCATALOG_COMPILER_APPICON_NAME = AppIcon;
				CODE_SIGN_STYLE = Automatic;
				DEVELOPMENT_ASSET_PATHS = "\"CoreDataProject/Preview Content\"";
				DEVELOPMENT_TEAM = TZD57UD8UQ;
				ENABLE_PREVIEWS = YES;
				INFOPLIST_FILE = CoreDataProject/Info.plist;
				LD_RUNPATH_SEARCH_PATHS = (
					"$(inherited)",
					"@executable_path/Frameworks",
				);
				PRODUCT_BUNDLE_IDENTIFIER = com.apptomist.CoreDataProject;
				PRODUCT_NAME = "$(TARGET_NAME)";
				SWIFT_VERSION = 5.0;
				TARGETED_DEVICE_FAMILY = "1,2";
			};
			name = Debug;
		};
		9642E96D2389089E007DD862 /* Release */ = {
			isa = XCBuildConfiguration;
			buildSettings = {
				ASSETCATALOG_COMPILER_APPICON_NAME = AppIcon;
				CODE_SIGN_STYLE = Automatic;
				DEVELOPMENT_ASSET_PATHS = "\"CoreDataProject/Preview Content\"";
				DEVELOPMENT_TEAM = TZD57UD8UQ;
				ENABLE_PREVIEWS = YES;
				INFOPLIST_FILE = CoreDataProject/Info.plist;
				LD_RUNPATH_SEARCH_PATHS = (
					"$(inherited)",
					"@executable_path/Frameworks",
				);
				PRODUCT_BUNDLE_IDENTIFIER = com.apptomist.CoreDataProject;
				PRODUCT_NAME = "$(TARGET_NAME)";
				SWIFT_VERSION = 5.0;
				TARGETED_DEVICE_FAMILY = "1,2";
			};
			name = Release;
		};
/* End XCBuildConfiguration section */

/* Begin XCConfigurationList section */
		9642E94F23890897007DD862 /* Build configuration list for PBXProject "CoreDataProject" */ = {
			isa = XCConfigurationList;
			buildConfigurations = (
				9642E9692389089E007DD862 /* Debug */,
				9642E96A2389089E007DD862 /* Release */,
			);
			defaultConfigurationIsVisible = 0;
			defaultConfigurationName = Release;
		};
		9642E96B2389089E007DD862 /* Build configuration list for PBXNativeTarget "CoreDataProject" */ = {
			isa = XCConfigurationList;
			buildConfigurations = (
				9642E96C2389089E007DD862 /* Debug */,
				9642E96D2389089E007DD862 /* Release */,
			);
			defaultConfigurationIsVisible = 0;
			defaultConfigurationName = Release;
		};
/* End XCConfigurationList section */

/* Begin XCVersionGroup section */
		9642E95B23890897007DD862 /* CoreDataProject.xcdatamodeld */ = {
			isa = XCVersionGroup;
			children = (
				9642E95C23890897007DD862 /* CoreDataProject.xcdatamodel */,
			);
			currentVersion = 9642E95C23890897007DD862 /* CoreDataProject.xcdatamodel */;
			path = CoreDataProject.xcdatamodeld;
			sourceTree = "<group>";
			versionGroupType = wrapper.xcdatamodel;
		};
/* End XCVersionGroup section */
	};
	rootObject = 9642E94C23890897007DD862 /* Project object */;
}
