// !$*UTF8*$!
{
	archiveVersion = 1;
	classes = {
	};
	objectVersion = 50;
	objects = {

/* Begin PBXBuildFile section */
		967AE64C239E8D810081BDAC /* IntegratingCoreImage.swift in Sources */ = {isa = PBXBuildFile; fileRef = 967AE64B239E8D810081BDAC /* IntegratingCoreImage.swift */; };
		967AE64E239E943F0081BDAC /* WrappingUIViewController.swift in Sources */ = {isa = PBXBuildFile; fileRef = 967AE64D239E943F0081BDAC /* WrappingUIViewController.swift */; };
		967AE67B23A064410081BDAC /* ImagePicker.swift in Sources */ = {isa = PBXBuildFile; fileRef = 967AE67A23A064410081BDAC /* ImagePicker.swift */; };
		96AB63F2239CB09C00B2ECDD /* AppDelegate.swift in Sources */ = {isa = PBXBuildFile; fileRef = 96AB63F1239CB09C00B2ECDD /* AppDelegate.swift */; };
		96AB63F4239CB09C00B2ECDD /* SceneDelegate.swift in Sources */ = {isa = PBXBuildFile; fileRef = 96AB63F3239CB09C00B2ECDD /* SceneDelegate.swift */; };
		96AB63F6239CB09C00B2ECDD /* ContentView.swift in Sources */ = {isa = PBXBuildFile; fileRef = 96AB63F5239CB09C00B2ECDD /* ContentView.swift */; };
		96AB63F8239CB0A000B2ECDD /* Assets.xcassets in Resources */ = {isa = PBXBuildFile; fileRef = 96AB63F7239CB0A000B2ECDD /* Assets.xcassets */; };
		96AB63FB239CB0A000B2ECDD /* Preview Assets.xcassets in Resources */ = {isa = PBXBuildFile; fileRef = 96AB63FA239CB0A000B2ECDD /* Preview Assets.xcassets */; };
		96AB63FE239CB0A000B2ECDD /* LaunchScreen.storyboard in Resources */ = {isa = PBXBuildFile; fileRef = 96AB63FC239CB0A000B2ECDD /* LaunchScreen.storyboard */; };
		96AB6408239CB13400B2ECDD /* PropertyWrappersStructs.swift in Sources */ = {isa = PBXBuildFile; fileRef = 96AB6407239CB13400B2ECDD /* PropertyWrappersStructs.swift */; };
		96AB640A239CB14400B2ECDD /* Application.swift in Sources */ = {isa = PBXBuildFile; fileRef = 96AB6409239CB14400B2ECDD /* Application.swift */; };
		96AB640C239CB4E900B2ECDD /* CustomBindings.swift in Sources */ = {isa = PBXBuildFile; fileRef = 96AB640B239CB4E900B2ECDD /* CustomBindings.swift */; };
		96AB640E239CB79A00B2ECDD /* MultipleOptionsActionSheet.swift in Sources */ = {isa = PBXBuildFile; fileRef = 96AB640D239CB79A00B2ECDD /* MultipleOptionsActionSheet.swift */; };
/* End PBXBuildFile section */

/* Begin PBXFileReference section */
		967AE64B239E8D810081BDAC /* IntegratingCoreImage.swift */ = {isa = PBXFileReference; lastKnownFileType = sourcecode.swift; path = IntegratingCoreImage.swift; sourceTree = "<group>"; };
		967AE64D239E943F0081BDAC /* WrappingUIViewController.swift */ = {isa = PBXFileReference; lastKnownFileType = sourcecode.swift; path = WrappingUIViewController.swift; sourceTree = "<group>"; };
		967AE67A23A064410081BDAC /* ImagePicker.swift */ = {isa = PBXFileReference; lastKnownFileType = sourcecode.swift; path = ImagePicker.swift; sourceTree = "<group>"; };
		96AB63EE239CB09C00B2ECDD /* Instafilter.app */ = {isa = PBXFileReference; explicitFileType = wrapper.application; includeInIndex = 0; path = Instafilter.app; sourceTree = BUILT_PRODUCTS_DIR; };
		96AB63F1239CB09C00B2ECDD /* AppDelegate.swift */ = {isa = PBXFileReference; lastKnownFileType = sourcecode.swift; path = AppDelegate.swift; sourceTree = "<group>"; };
		96AB63F3239CB09C00B2ECDD /* SceneDelegate.swift */ = {isa = PBXFileReference; lastKnownFileType = sourcecode.swift; path = SceneDelegate.swift; sourceTree = "<group>"; };
		96AB63F5239CB09C00B2ECDD /* ContentView.swift */ = {isa = PBXFileReference; lastKnownFileType = sourcecode.swift; path = ContentView.swift; sourceTree = "<group>"; };
		96AB63F7239CB0A000B2ECDD /* Assets.xcassets */ = {isa = PBXFileReference; lastKnownFileType = folder.assetcatalog; path = Assets.xcassets; sourceTree = "<group>"; };
		96AB63FA239CB0A000B2ECDD /* Preview Assets.xcassets */ = {isa = PBXFileReference; lastKnownFileType = folder.assetcatalog; path = "Preview Assets.xcassets"; sourceTree = "<group>"; };
		96AB63FD239CB0A000B2ECDD /* Base */ = {isa = PBXFileReference; lastKnownFileType = file.storyboard; name = Base; path = Base.lproj/LaunchScreen.storyboard; sourceTree = "<group>"; };
		96AB63FF239CB0A000B2ECDD /* Info.plist */ = {isa = PBXFileReference; lastKnownFileType = text.plist.xml; path = Info.plist; sourceTree = "<group>"; };
		96AB6407239CB13400B2ECDD /* PropertyWrappersStructs.swift */ = {isa = PBXFileReference; lastKnownFileType = sourcecode.swift; path = PropertyWrappersStructs.swift; sourceTree = "<group>"; };
		96AB6409239CB14400B2ECDD /* Application.swift */ = {isa = PBXFileReference; lastKnownFileType = sourcecode.swift; path = Application.swift; sourceTree = "<group>"; };
		96AB640B239CB4E900B2ECDD /* CustomBindings.swift */ = {isa = PBXFileReference; lastKnownFileType = sourcecode.swift; path = CustomBindings.swift; sourceTree = "<group>"; };
		96AB640D239CB79A00B2ECDD /* MultipleOptionsActionSheet.swift */ = {isa = PBXFileReference; lastKnownFileType = sourcecode.swift; path = MultipleOptionsActionSheet.swift; sourceTree = "<group>"; };
/* End PBXFileReference section */

/* Begin PBXFrameworksBuildPhase section */
		96AB63EB239CB09C00B2ECDD /* Frameworks */ = {
			isa = PBXFrameworksBuildPhase;
			buildActionMask = 2147483647;
			files = (
			);
			runOnlyForDeploymentPostprocessing = 0;
		};
/* End PBXFrameworksBuildPhase section */

/* Begin PBXGroup section */
		96AB63E5239CB09B00B2ECDD = {
			isa = PBXGroup;
			children = (
				96AB63F0239CB09C00B2ECDD /* Instafilter */,
				96AB63EF239CB09C00B2ECDD /* Products */,
			);
			sourceTree = "<group>";
		};
		96AB63EF239CB09C00B2ECDD /* Products */ = {
			isa = PBXGroup;
			children = (
				96AB63EE239CB09C00B2ECDD /* Instafilter.app */,
			);
			name = Products;
			sourceTree = "<group>";
		};
		96AB63F0239CB09C00B2ECDD /* Instafilter */ = {
			isa = PBXGroup;
			children = (
				96AB6405239CB0E800B2ECDD /* Fundamentals */,
				96AB63F1239CB09C00B2ECDD /* AppDelegate.swift */,
				96AB63F3239CB09C00B2ECDD /* SceneDelegate.swift */,
				96AB6406239CB0FA00B2ECDD /* Main */,
				96AB63F5239CB09C00B2ECDD /* ContentView.swift */,
				96AB63F7239CB0A000B2ECDD /* Assets.xcassets */,
				96AB63FC239CB0A000B2ECDD /* LaunchScreen.storyboard */,
				96AB63FF239CB0A000B2ECDD /* Info.plist */,
				96AB63F9239CB0A000B2ECDD /* Preview Content */,
			);
			path = Instafilter;
			sourceTree = "<group>";
		};
		96AB63F9239CB0A000B2ECDD /* Preview Content */ = {
			isa = PBXGroup;
			children = (
				96AB63FA239CB0A000B2ECDD /* Preview Assets.xcassets */,
			);
			path = "Preview Content";
			sourceTree = "<group>";
		};
		96AB6405239CB0E800B2ECDD /* Fundamentals */ = {
			isa = PBXGroup;
			children = (
				96AB6407239CB13400B2ECDD /* PropertyWrappersStructs.swift */,
				96AB640B239CB4E900B2ECDD /* CustomBindings.swift */,
				96AB640D239CB79A00B2ECDD /* MultipleOptionsActionSheet.swift */,
				967AE64B239E8D810081BDAC /* IntegratingCoreImage.swift */,
				967AE64D239E943F0081BDAC /* WrappingUIViewController.swift */,
			);
			path = Fundamentals;
			sourceTree = "<group>";
		};
		96AB6406239CB0FA00B2ECDD /* Main */ = {
			isa = PBXGroup;
			children = (
				96AB6409239CB14400B2ECDD /* Application.swift */,
				967AE67A23A064410081BDAC /* ImagePicker.swift */,
			);
			path = Main;
			sourceTree = "<group>";
		};
/* End PBXGroup section */

/* Begin PBXNativeTarget section */
		96AB63ED239CB09C00B2ECDD /* Instafilter */ = {
			isa = PBXNativeTarget;
			buildConfigurationList = 96AB6402239CB0A000B2ECDD /* Build configuration list for PBXNativeTarget "Instafilter" */;
			buildPhases = (
				96AB63EA239CB09C00B2ECDD /* Sources */,
				96AB63EB239CB09C00B2ECDD /* Frameworks */,
				96AB63EC239CB09C00B2ECDD /* Resources */,
			);
			buildRules = (
			);
			dependencies = (
			);
			name = Instafilter;
			productName = Instafilter;
			productReference = 96AB63EE239CB09C00B2ECDD /* Instafilter.app */;
			productType = "com.apple.product-type.application";
		};
/* End PBXNativeTarget section */

/* Begin PBXProject section */
		96AB63E6239CB09B00B2ECDD /* Project object */ = {
			isa = PBXProject;
			attributes = {
				LastSwiftUpdateCheck = 1120;
				LastUpgradeCheck = 1120;
				ORGANIZATIONNAME = Jason;
				TargetAttributes = {
					96AB63ED239CB09C00B2ECDD = {
						CreatedOnToolsVersion = 11.2.1;
					};
				};
			};
			buildConfigurationList = 96AB63E9239CB09B00B2ECDD /* Build configuration list for PBXProject "Instafilter" */;
			compatibilityVersion = "Xcode 9.3";
			developmentRegion = en;
			hasScannedForEncodings = 0;
			knownRegions = (
				en,
				Base,
			);
			mainGroup = 96AB63E5239CB09B00B2ECDD;
			productRefGroup = 96AB63EF239CB09C00B2ECDD /* Products */;
			projectDirPath = "";
			projectRoot = "";
			targets = (
				96AB63ED239CB09C00B2ECDD /* Instafilter */,
			);
		};
/* End PBXProject section */

/* Begin PBXResourcesBuildPhase section */
		96AB63EC239CB09C00B2ECDD /* Resources */ = {
			isa = PBXResourcesBuildPhase;
			buildActionMask = 2147483647;
			files = (
				96AB63FE239CB0A000B2ECDD /* LaunchScreen.storyboard in Resources */,
				96AB63FB239CB0A000B2ECDD /* Preview Assets.xcassets in Resources */,
				96AB63F8239CB0A000B2ECDD /* Assets.xcassets in Resources */,
			);
			runOnlyForDeploymentPostprocessing = 0;
		};
/* End PBXResourcesBuildPhase section */

/* Begin PBXSourcesBuildPhase section */
		96AB63EA239CB09C00B2ECDD /* Sources */ = {
			isa = PBXSourcesBuildPhase;
			buildActionMask = 2147483647;
			files = (
				96AB640A239CB14400B2ECDD /* Application.swift in Sources */,
				96AB63F2239CB09C00B2ECDD /* AppDelegate.swift in Sources */,
				96AB6408239CB13400B2ECDD /* PropertyWrappersStructs.swift in Sources */,
				96AB63F4239CB09C00B2ECDD /* SceneDelegate.swift in Sources */,
				96AB640C239CB4E900B2ECDD /* CustomBindings.swift in Sources */,
				967AE64C239E8D810081BDAC /* IntegratingCoreImage.swift in Sources */,
				96AB640E239CB79A00B2ECDD /* MultipleOptionsActionSheet.swift in Sources */,
				967AE67B23A064410081BDAC /* ImagePicker.swift in Sources */,
				967AE64E239E943F0081BDAC /* WrappingUIViewController.swift in Sources */,
				96AB63F6239CB09C00B2ECDD /* ContentView.swift in Sources */,
			);
			runOnlyForDeploymentPostprocessing = 0;
		};
/* End PBXSourcesBuildPhase section */

/* Begin PBXVariantGroup section */
		96AB63FC239CB0A000B2ECDD /* LaunchScreen.storyboard */ = {
			isa = PBXVariantGroup;
			children = (
				96AB63FD239CB0A000B2ECDD /* Base */,
			);
			name = LaunchScreen.storyboard;
			sourceTree = "<group>";
		};
/* End PBXVariantGroup section */

/* Begin XCBuildConfiguration section */
		96AB6400239CB0A000B2ECDD /* Debug */ = {
			isa = XCBuildConfiguration;
			buildSettings = {
				ALWAYS_SEARCH_USER_PATHS = NO;
				CLANG_ANALYZER_NONNULL = YES;
				CLANG_ANALYZER_NUMBER_OBJECT_CONVERSION = YES_AGGRESSIVE;
				CLANG_CXX_LANGUAGE_STANDARD = "gnu++14";
				CLANG_CXX_LIBRARY = "libc++";
				CLANG_ENABLE_MODULES = YES;
				CLANG_ENABLE_OBJC_ARC = YES;
				CLANG_ENABLE_OBJC_WEAK = YES;
				CLANG_WARN_BLOCK_CAPTURE_AUTORELEASING = YES;
				CLANG_WARN_BOOL_CONVERSION = YES;
				CLANG_WARN_COMMA = YES;
				CLANG_WARN_CONSTANT_CONVERSION = YES;
				CLANG_WARN_DEPRECATED_OBJC_IMPLEMENTATIONS = YES;
				CLANG_WARN_DIRECT_OBJC_ISA_USAGE = YES_ERROR;
				CLANG_WARN_DOCUMENTATION_COMMENTS = YES;
				CLANG_WARN_EMPTY_BODY = YES;
				CLANG_WARN_ENUM_CONVERSION = YES;
				CLANG_WARN_INFINITE_RECURSION = YES;
				CLANG_WARN_INT_CONVERSION = YES;
				CLANG_WARN_NON_LITERAL_NULL_CONVERSION = YES;
				CLANG_WARN_OBJC_IMPLICIT_RETAIN_SELF = YES;
				CLANG_WARN_OBJC_LITERAL_CONVERSION = YES;
				CLANG_WARN_OBJC_ROOT_CLASS = YES_ERROR;
				CLANG_WARN_RANGE_LOOP_ANALYSIS = YES;
				CLANG_WARN_STRICT_PROTOTYPES = YES;
				CLANG_WARN_SUSPICIOUS_MOVE = YES;
				CLANG_WARN_UNGUARDED_AVAILABILITY = YES_AGGRESSIVE;
				CLANG_WARN_UNREACHABLE_CODE = YES;
				CLANG_WARN__DUPLICATE_METHOD_MATCH = YES;
				COPY_PHASE_STRIP = NO;
				DEBUG_INFORMATION_FORMAT = dwarf;
				ENABLE_STRICT_OBJC_MSGSEND = YES;
				ENABLE_TESTABILITY = YES;
				GCC_C_LANGUAGE_STANDARD = gnu11;
				GCC_DYNAMIC_NO_PIC = NO;
				GCC_NO_COMMON_BLOCKS = YES;
				GCC_OPTIMIZATION_LEVEL = 0;
				GCC_PREPROCESSOR_DEFINITIONS = (
					"DEBUG=1",
					"$(inherited)",
				);
				GCC_WARN_64_TO_32_BIT_CONVERSION = YES;
				GCC_WARN_ABOUT_RETURN_TYPE = YES_ERROR;
				GCC_WARN_UNDECLARED_SELECTOR = YES;
				GCC_WARN_UNINITIALIZED_AUTOS = YES_AGGRESSIVE;
				GCC_WARN_UNUSED_FUNCTION = YES;
				GCC_WARN_UNUSED_VARIABLE = YES;
				IPHONEOS_DEPLOYMENT_TARGET = 13.2;
				MTL_ENABLE_DEBUG_INFO = INCLUDE_SOURCE;
				MTL_FAST_MATH = YES;
				ONLY_ACTIVE_ARCH = YES;
				SDKROOT = iphoneos;
				SWIFT_ACTIVE_COMPILATION_CONDITIONS = DEBUG;
				SWIFT_OPTIMIZATION_LEVEL = "-Onone";
			};
			name = Debug;
		};
		96AB6401239CB0A000B2ECDD /* Release */ = {
			isa = XCBuildConfiguration;
			buildSettings = {
				ALWAYS_SEARCH_USER_PATHS = NO;
				CLANG_ANALYZER_NONNULL = YES;
				CLANG_ANALYZER_NUMBER_OBJECT_CONVERSION = YES_AGGRESSIVE;
				CLANG_CXX_LANGUAGE_STANDARD = "gnu++14";
				CLANG_CXX_LIBRARY = "libc++";
				CLANG_ENABLE_MODULES = YES;
				CLANG_ENABLE_OBJC_ARC = YES;
				CLANG_ENABLE_OBJC_WEAK = YES;
				CLANG_WARN_BLOCK_CAPTURE_AUTORELEASING = YES;
				CLANG_WARN_BOOL_CONVERSION = YES;
				CLANG_WARN_COMMA = YES;
				CLANG_WARN_CONSTANT_CONVERSION = YES;
				CLANG_WARN_DEPRECATED_OBJC_IMPLEMENTATIONS = YES;
				CLANG_WARN_DIRECT_OBJC_ISA_USAGE = YES_ERROR;
				CLANG_WARN_DOCUMENTATION_COMMENTS = YES;
				CLANG_WARN_EMPTY_BODY = YES;
				CLANG_WARN_ENUM_CONVERSION = YES;
				CLANG_WARN_INFINITE_RECURSION = YES;
				CLANG_WARN_INT_CONVERSION = YES;
				CLANG_WARN_NON_LITERAL_NULL_CONVERSION = YES;
				CLANG_WARN_OBJC_IMPLICIT_RETAIN_SELF = YES;
				CLANG_WARN_OBJC_LITERAL_CONVERSION = YES;
				CLANG_WARN_OBJC_ROOT_CLASS = YES_ERROR;
				CLANG_WARN_RANGE_LOOP_ANALYSIS = YES;
				CLANG_WARN_STRICT_PROTOTYPES = YES;
				CLANG_WARN_SUSPICIOUS_MOVE = YES;
				CLANG_WARN_UNGUARDED_AVAILABILITY = YES_AGGRESSIVE;
				CLANG_WARN_UNREACHABLE_CODE = YES;
				CLANG_WARN__DUPLICATE_METHOD_MATCH = YES;
				COPY_PHASE_STRIP = NO;
				DEBUG_INFORMATION_FORMAT = "dwarf-with-dsym";
				ENABLE_NS_ASSERTIONS = NO;
				ENABLE_STRICT_OBJC_MSGSEND = YES;
				GCC_C_LANGUAGE_STANDARD = gnu11;
				GCC_NO_COMMON_BLOCKS = YES;
				GCC_WARN_64_TO_32_BIT_CONVERSION = YES;
				GCC_WARN_ABOUT_RETURN_TYPE = YES_ERROR;
				GCC_WARN_UNDECLARED_SELECTOR = YES;
				GCC_WARN_UNINITIALIZED_AUTOS = YES_AGGRESSIVE;
				GCC_WARN_UNUSED_FUNCTION = YES;
				GCC_WARN_UNUSED_VARIABLE = YES;
				IPHONEOS_DEPLOYMENT_TARGET = 13.2;
				MTL_ENABLE_DEBUG_INFO = NO;
				MTL_FAST_MATH = YES;
				SDKROOT = iphoneos;
				SWIFT_COMPILATION_MODE = wholemodule;
				SWIFT_OPTIMIZATION_LEVEL = "-O";
				VALIDATE_PRODUCT = YES;
			};
			name = Release;
		};
		96AB6403239CB0A000B2ECDD /* Debug */ = {
			isa = XCBuildConfiguration;
			buildSettings = {
				ASSETCATALOG_COMPILER_APPICON_NAME = AppIcon;
				CODE_SIGN_STYLE = Automatic;
				DEVELOPMENT_ASSET_PATHS = "\"Instafilter/Preview Content\"";
				DEVELOPMENT_TEAM = TZD57UD8UQ;
				ENABLE_PREVIEWS = YES;
				INFOPLIST_FILE = Instafilter/Info.plist;
				LD_RUNPATH_SEARCH_PATHS = (
					"$(inherited)",
					"@executable_path/Frameworks",
				);
				PRODUCT_BUNDLE_IDENTIFIER = com.apptomist.Instafilter;
				PRODUCT_NAME = "$(TARGET_NAME)";
				SWIFT_VERSION = 5.0;
				TARGETED_DEVICE_FAMILY = "1,2";
			};
			name = Debug;
		};
		96AB6404239CB0A000B2ECDD /* Release */ = {
			isa = XCBuildConfiguration;
			buildSettings = {
				ASSETCATALOG_COMPILER_APPICON_NAME = AppIcon;
				CODE_SIGN_STYLE = Automatic;
				DEVELOPMENT_ASSET_PATHS = "\"Instafilter/Preview Content\"";
				DEVELOPMENT_TEAM = TZD57UD8UQ;
				ENABLE_PREVIEWS = YES;
				INFOPLIST_FILE = Instafilter/Info.plist;
				LD_RUNPATH_SEARCH_PATHS = (
					"$(inherited)",
					"@executable_path/Frameworks",
				);
				PRODUCT_BUNDLE_IDENTIFIER = com.apptomist.Instafilter;
				PRODUCT_NAME = "$(TARGET_NAME)";
				SWIFT_VERSION = 5.0;
				TARGETED_DEVICE_FAMILY = "1,2";
			};
			name = Release;
		};
/* End XCBuildConfiguration section */

/* Begin XCConfigurationList section */
		96AB63E9239CB09B00B2ECDD /* Build configuration list for PBXProject "Instafilter" */ = {
			isa = XCConfigurationList;
			buildConfigurations = (
				96AB6400239CB0A000B2ECDD /* Debug */,
				96AB6401239CB0A000B2ECDD /* Release */,
			);
			defaultConfigurationIsVisible = 0;
			defaultConfigurationName = Release;
		};
		96AB6402239CB0A000B2ECDD /* Build configuration list for PBXNativeTarget "Instafilter" */ = {
			isa = XCConfigurationList;
			buildConfigurations = (
				96AB6403239CB0A000B2ECDD /* Debug */,
				96AB6404239CB0A000B2ECDD /* Release */,
			);
			defaultConfigurationIsVisible = 0;
			defaultConfigurationName = Release;
		};
/* End XCConfigurationList section */
	};
	rootObject = 96AB63E6239CB09B00B2ECDD /* Project object */;
}
