// !$*UTF8*$!
{
	archiveVersion = 1;
	classes = {
	};
	objectVersion = 50;
	objects = {

/* Begin PBXBuildFile section */
		9664D45823BD50DE009F8657 /* AppDelegate.swift in Sources */ = {isa = PBXBuildFile; fileRef = 9664D45723BD50DE009F8657 /* AppDelegate.swift */; };
		9664D45A23BD50DE009F8657 /* SceneDelegate.swift in Sources */ = {isa = PBXBuildFile; fileRef = 9664D45923BD50DE009F8657 /* SceneDelegate.swift */; };
		9664D45C23BD50DE009F8657 /* ContentView.swift in Sources */ = {isa = PBXBuildFile; fileRef = 9664D45B23BD50DE009F8657 /* ContentView.swift */; };
		9664D45E23BD50E2009F8657 /* Assets.xcassets in Resources */ = {isa = PBXBuildFile; fileRef = 9664D45D23BD50E2009F8657 /* Assets.xcassets */; };
		9664D46123BD50E2009F8657 /* Preview Assets.xcassets in Resources */ = {isa = PBXBuildFile; fileRef = 9664D46023BD50E2009F8657 /* Preview Assets.xcassets */; };
		9664D46423BD50E2009F8657 /* LaunchScreen.storyboard in Resources */ = {isa = PBXBuildFile; fileRef = 9664D46223BD50E2009F8657 /* LaunchScreen.storyboard */; };
		9664D46C23BD5181009F8657 /* NetworkCall.swift in Sources */ = {isa = PBXBuildFile; fileRef = 9664D46B23BD5181009F8657 /* NetworkCall.swift */; };
/* End PBXBuildFile section */

/* Begin PBXFileReference section */
		9664D45423BD50DE009F8657 /* JSON API.app */ = {isa = PBXFileReference; explicitFileType = wrapper.application; includeInIndex = 0; path = "JSON API.app"; sourceTree = BUILT_PRODUCTS_DIR; };
		9664D45723BD50DE009F8657 /* AppDelegate.swift */ = {isa = PBXFileReference; lastKnownFileType = sourcecode.swift; path = AppDelegate.swift; sourceTree = "<group>"; };
		9664D45923BD50DE009F8657 /* SceneDelegate.swift */ = {isa = PBXFileReference; lastKnownFileType = sourcecode.swift; path = SceneDelegate.swift; sourceTree = "<group>"; };
		9664D45B23BD50DE009F8657 /* ContentView.swift */ = {isa = PBXFileReference; lastKnownFileType = sourcecode.swift; path = ContentView.swift; sourceTree = "<group>"; };
		9664D45D23BD50E2009F8657 /* Assets.xcassets */ = {isa = PBXFileReference; lastKnownFileType = folder.assetcatalog; path = Assets.xcassets; sourceTree = "<group>"; };
		9664D46023BD50E2009F8657 /* Preview Assets.xcassets */ = {isa = PBXFileReference; lastKnownFileType = folder.assetcatalog; path = "Preview Assets.xcassets"; sourceTree = "<group>"; };
		9664D46323BD50E2009F8657 /* Base */ = {isa = PBXFileReference; lastKnownFileType = file.storyboard; name = Base; path = Base.lproj/LaunchScreen.storyboard; sourceTree = "<group>"; };
		9664D46523BD50E2009F8657 /* Info.plist */ = {isa = PBXFileReference; lastKnownFileType = text.plist.xml; path = Info.plist; sourceTree = "<group>"; };
		9664D46B23BD5181009F8657 /* NetworkCall.swift */ = {isa = PBXFileReference; lastKnownFileType = sourcecode.swift; path = NetworkCall.swift; sourceTree = "<group>"; };
/* End PBXFileReference section */

/* Begin PBXFrameworksBuildPhase section */
		9664D45123BD50DE009F8657 /* Frameworks */ = {
			isa = PBXFrameworksBuildPhase;
			buildActionMask = 2147483647;
			files = (
			);
			runOnlyForDeploymentPostprocessing = 0;
		};
/* End PBXFrameworksBuildPhase section */

/* Begin PBXGroup section */
		9664D44B23BD50DE009F8657 = {
			isa = PBXGroup;
			children = (
				9664D45623BD50DE009F8657 /* JSON API */,
				9664D45523BD50DE009F8657 /* Products */,
			);
			sourceTree = "<group>";
		};
		9664D45523BD50DE009F8657 /* Products */ = {
			isa = PBXGroup;
			children = (
				9664D45423BD50DE009F8657 /* JSON API.app */,
			);
			name = Products;
			sourceTree = "<group>";
		};
		9664D45623BD50DE009F8657 /* JSON API */ = {
			isa = PBXGroup;
			children = (
				9664D45723BD50DE009F8657 /* AppDelegate.swift */,
				9664D45923BD50DE009F8657 /* SceneDelegate.swift */,
				9664D45B23BD50DE009F8657 /* ContentView.swift */,
				9664D45D23BD50E2009F8657 /* Assets.xcassets */,
				9664D46223BD50E2009F8657 /* LaunchScreen.storyboard */,
				9664D46523BD50E2009F8657 /* Info.plist */,
				9664D45F23BD50E2009F8657 /* Preview Content */,
				9664D46B23BD5181009F8657 /* NetworkCall.swift */,
			);
			path = "JSON API";
			sourceTree = "<group>";
		};
		9664D45F23BD50E2009F8657 /* Preview Content */ = {
			isa = PBXGroup;
			children = (
				9664D46023BD50E2009F8657 /* Preview Assets.xcassets */,
			);
			path = "Preview Content";
			sourceTree = "<group>";
		};
/* End PBXGroup section */

/* Begin PBXNativeTarget section */
		9664D45323BD50DE009F8657 /* JSON API */ = {
			isa = PBXNativeTarget;
			buildConfigurationList = 9664D46823BD50E2009F8657 /* Build configuration list for PBXNativeTarget "JSON API" */;
			buildPhases = (
				9664D45023BD50DE009F8657 /* Sources */,
				9664D45123BD50DE009F8657 /* Frameworks */,
				9664D45223BD50DE009F8657 /* Resources */,
			);
			buildRules = (
			);
			dependencies = (
			);
			name = "JSON API";
			productName = "JSON API";
			productReference = 9664D45423BD50DE009F8657 /* JSON API.app */;
			productType = "com.apple.product-type.application";
		};
/* End PBXNativeTarget section */

/* Begin PBXProject section */
		9664D44C23BD50DE009F8657 /* Project object */ = {
			isa = PBXProject;
			attributes = {
				LastSwiftUpdateCheck = 1130;
				LastUpgradeCheck = 1130;
				ORGANIZATIONNAME = Jason;
				TargetAttributes = {
					9664D45323BD50DE009F8657 = {
						CreatedOnToolsVersion = 11.3;
					};
				};
			};
			buildConfigurationList = 9664D44F23BD50DE009F8657 /* Build configuration list for PBXProject "JSON API" */;
			compatibilityVersion = "Xcode 9.3";
			developmentRegion = en;
			hasScannedForEncodings = 0;
			knownRegions = (
				en,
				Base,
			);
			mainGroup = 9664D44B23BD50DE009F8657;
			productRefGroup = 9664D45523BD50DE009F8657 /* Products */;
			projectDirPath = "";
			projectRoot = "";
			targets = (
				9664D45323BD50DE009F8657 /* JSON API */,
			);
		};
/* End PBXProject section */

/* Begin PBXResourcesBuildPhase section */
		9664D45223BD50DE009F8657 /* Resources */ = {
			isa = PBXResourcesBuildPhase;
			buildActionMask = 2147483647;
			files = (
				9664D46423BD50E2009F8657 /* LaunchScreen.storyboard in Resources */,
				9664D46123BD50E2009F8657 /* Preview Assets.xcassets in Resources */,
				9664D45E23BD50E2009F8657 /* Assets.xcassets in Resources */,
			);
			runOnlyForDeploymentPostprocessing = 0;
		};
/* End PBXResourcesBuildPhase section */

/* Begin PBXSourcesBuildPhase section */
		9664D45023BD50DE009F8657 /* Sources */ = {
			isa = PBXSourcesBuildPhase;
			buildActionMask = 2147483647;
			files = (
				9664D45823BD50DE009F8657 /* AppDelegate.swift in Sources */,
				9664D45A23BD50DE009F8657 /* SceneDelegate.swift in Sources */,
				9664D46C23BD5181009F8657 /* NetworkCall.swift in Sources */,
				9664D45C23BD50DE009F8657 /* ContentView.swift in Sources */,
			);
			runOnlyForDeploymentPostprocessing = 0;
		};
/* End PBXSourcesBuildPhase section */

/* Begin PBXVariantGroup section */
		9664D46223BD50E2009F8657 /* LaunchScreen.storyboard */ = {
			isa = PBXVariantGroup;
			children = (
				9664D46323BD50E2009F8657 /* Base */,
			);
			name = LaunchScreen.storyboard;
			sourceTree = "<group>";
		};
/* End PBXVariantGroup section */

/* Begin XCBuildConfiguration section */
		9664D46623BD50E2009F8657 /* Debug */ = {
			isa = XCBuildConfiguration;
			buildSettings = {
				ALWAYS_SEARCH_USER_PATHS = NO;
				CLANG_ANALYZER_NONNULL = YES;
				CLANG_ANALYZER_NUMBER_OBJECT_CONVERSION = YES_AGGRESSIVE;
				CLANG_CXX_LANGUAGE_STANDARD = "gnu++14";
				CLANG_CXX_LIBRARY = "libc++";
				CLANG_ENABLE_MODULES = YES;
				CLANG_ENABLE_OBJC_ARC = YES;
				CLANG_ENABLE_OBJC_WEAK = YES;
				CLANG_WARN_BLOCK_CAPTURE_AUTORELEASING = YES;
				CLANG_WARN_BOOL_CONVERSION = YES;
				CLANG_WARN_COMMA = YES;
				CLANG_WARN_CONSTANT_CONVERSION = YES;
				CLANG_WARN_DEPRECATED_OBJC_IMPLEMENTATIONS = YES;
				CLANG_WARN_DIRECT_OBJC_ISA_USAGE = YES_ERROR;
				CLANG_WARN_DOCUMENTATION_COMMENTS = YES;
				CLANG_WARN_EMPTY_BODY = YES;
				CLANG_WARN_ENUM_CONVERSION = YES;
				CLANG_WARN_INFINITE_RECURSION = YES;
				CLANG_WARN_INT_CONVERSION = YES;
				CLANG_WARN_NON_LITERAL_NULL_CONVERSION = YES;
				CLANG_WARN_OBJC_IMPLICIT_RETAIN_SELF = YES;
				CLANG_WARN_OBJC_LITERAL_CONVERSION = YES;
				CLANG_WARN_OBJC_ROOT_CLASS = YES_ERROR;
				CLANG_WARN_RANGE_LOOP_ANALYSIS = YES;
				CLANG_WARN_STRICT_PROTOTYPES = YES;
				CLANG_WARN_SUSPICIOUS_MOVE = YES;
				CLANG_WARN_UNGUARDED_AVAILABILITY = YES_AGGRESSIVE;
				CLANG_WARN_UNREACHABLE_CODE = YES;
				CLANG_WARN__DUPLICATE_METHOD_MATCH = YES;
				COPY_PHASE_STRIP = NO;
				DEBUG_INFORMATION_FORMAT = dwarf;
				ENABLE_STRICT_OBJC_MSGSEND = YES;
				ENABLE_TESTABILITY = YES;
				GCC_C_LANGUAGE_STANDARD = gnu11;
				GCC_DYNAMIC_NO_PIC = NO;
				GCC_NO_COMMON_BLOCKS = YES;
				GCC_OPTIMIZATION_LEVEL = 0;
				GCC_PREPROCESSOR_DEFINITIONS = (
					"DEBUG=1",
					"$(inherited)",
				);
				GCC_WARN_64_TO_32_BIT_CONVERSION = YES;
				GCC_WARN_ABOUT_RETURN_TYPE = YES_ERROR;
				GCC_WARN_UNDECLARED_SELECTOR = YES;
				GCC_WARN_UNINITIALIZED_AUTOS = YES_AGGRESSIVE;
				GCC_WARN_UNUSED_FUNCTION = YES;
				GCC_WARN_UNUSED_VARIABLE = YES;
				IPHONEOS_DEPLOYMENT_TARGET = 13.2;
				MTL_ENABLE_DEBUG_INFO = INCLUDE_SOURCE;
				MTL_FAST_MATH = YES;
				ONLY_ACTIVE_ARCH = YES;
				SDKROOT = iphoneos;
				SWIFT_ACTIVE_COMPILATION_CONDITIONS = DEBUG;
				SWIFT_OPTIMIZATION_LEVEL = "-Onone";
			};
			name = Debug;
		};
		9664D46723BD50E2009F8657 /* Release */ = {
			isa = XCBuildConfiguration;
			buildSettings = {
				ALWAYS_SEARCH_USER_PATHS = NO;
				CLANG_ANALYZER_NONNULL = YES;
				CLANG_ANALYZER_NUMBER_OBJECT_CONVERSION = YES_AGGRESSIVE;
				CLANG_CXX_LANGUAGE_STANDARD = "gnu++14";
				CLANG_CXX_LIBRARY = "libc++";
				CLANG_ENABLE_MODULES = YES;
				CLANG_ENABLE_OBJC_ARC = YES;
				CLANG_ENABLE_OBJC_WEAK = YES;
				CLANG_WARN_BLOCK_CAPTURE_AUTORELEASING = YES;
				CLANG_WARN_BOOL_CONVERSION = YES;
				CLANG_WARN_COMMA = YES;
				CLANG_WARN_CONSTANT_CONVERSION = YES;
				CLANG_WARN_DEPRECATED_OBJC_IMPLEMENTATIONS = YES;
				CLANG_WARN_DIRECT_OBJC_ISA_USAGE = YES_ERROR;
				CLANG_WARN_DOCUMENTATION_COMMENTS = YES;
				CLANG_WARN_EMPTY_BODY = YES;
				CLANG_WARN_ENUM_CONVERSION = YES;
				CLANG_WARN_INFINITE_RECURSION = YES;
				CLANG_WARN_INT_CONVERSION = YES;
				CLANG_WARN_NON_LITERAL_NULL_CONVERSION = YES;
				CLANG_WARN_OBJC_IMPLICIT_RETAIN_SELF = YES;
				CLANG_WARN_OBJC_LITERAL_CONVERSION = YES;
				CLANG_WARN_OBJC_ROOT_CLASS = YES_ERROR;
				CLANG_WARN_RANGE_LOOP_ANALYSIS = YES;
				CLANG_WARN_STRICT_PROTOTYPES = YES;
				CLANG_WARN_SUSPICIOUS_MOVE = YES;
				CLANG_WARN_UNGUARDED_AVAILABILITY = YES_AGGRESSIVE;
				CLANG_WARN_UNREACHABLE_CODE = YES;
				CLANG_WARN__DUPLICATE_METHOD_MATCH = YES;
				COPY_PHASE_STRIP = NO;
				DEBUG_INFORMATION_FORMAT = "dwarf-with-dsym";
				ENABLE_NS_ASSERTIONS = NO;
				ENABLE_STRICT_OBJC_MSGSEND = YES;
				GCC_C_LANGUAGE_STANDARD = gnu11;
				GCC_NO_COMMON_BLOCKS = YES;
				GCC_WARN_64_TO_32_BIT_CONVERSION = YES;
				GCC_WARN_ABOUT_RETURN_TYPE = YES_ERROR;
				GCC_WARN_UNDECLARED_SELECTOR = YES;
				GCC_WARN_UNINITIALIZED_AUTOS = YES_AGGRESSIVE;
				GCC_WARN_UNUSED_FUNCTION = YES;
				GCC_WARN_UNUSED_VARIABLE = YES;
				IPHONEOS_DEPLOYMENT_TARGET = 13.2;
				MTL_ENABLE_DEBUG_INFO = NO;
				MTL_FAST_MATH = YES;
				SDKROOT = iphoneos;
				SWIFT_COMPILATION_MODE = wholemodule;
				SWIFT_OPTIMIZATION_LEVEL = "-O";
				VALIDATE_PRODUCT = YES;
			};
			name = Release;
		};
		9664D46923BD50E2009F8657 /* Debug */ = {
			isa = XCBuildConfiguration;
			buildSettings = {
				ASSETCATALOG_COMPILER_APPICON_NAME = AppIcon;
				CODE_SIGN_STYLE = Automatic;
				DEVELOPMENT_ASSET_PATHS = "\"JSON API/Preview Content\"";
				DEVELOPMENT_TEAM = TZD57UD8UQ;
				ENABLE_PREVIEWS = YES;
				INFOPLIST_FILE = "JSON API/Info.plist";
				LD_RUNPATH_SEARCH_PATHS = (
					"$(inherited)",
					"@executable_path/Frameworks",
				);
				PRODUCT_BUNDLE_IDENTIFIER = "com.apptomist.JSON-API";
				PRODUCT_NAME = "$(TARGET_NAME)";
				SWIFT_VERSION = 5.0;
				TARGETED_DEVICE_FAMILY = "1,2";
			};
			name = Debug;
		};
		9664D46A23BD50E2009F8657 /* Release */ = {
			isa = XCBuildConfiguration;
			buildSettings = {
				ASSETCATALOG_COMPILER_APPICON_NAME = AppIcon;
				CODE_SIGN_STYLE = Automatic;
				DEVELOPMENT_ASSET_PATHS = "\"JSON API/Preview Content\"";
				DEVELOPMENT_TEAM = TZD57UD8UQ;
				ENABLE_PREVIEWS = YES;
				INFOPLIST_FILE = "JSON API/Info.plist";
				LD_RUNPATH_SEARCH_PATHS = (
					"$(inherited)",
					"@executable_path/Frameworks",
				);
				PRODUCT_BUNDLE_IDENTIFIER = "com.apptomist.JSON-API";
				PRODUCT_NAME = "$(TARGET_NAME)";
				SWIFT_VERSION = 5.0;
				TARGETED_DEVICE_FAMILY = "1,2";
			};
			name = Release;
		};
/* End XCBuildConfiguration section */

/* Begin XCConfigurationList section */
		9664D44F23BD50DE009F8657 /* Build configuration list for PBXProject "JSON API" */ = {
			isa = XCConfigurationList;
			buildConfigurations = (
				9664D46623BD50E2009F8657 /* Debug */,
				9664D46723BD50E2009F8657 /* Release */,
			);
			defaultConfigurationIsVisible = 0;
			defaultConfigurationName = Release;
		};
		9664D46823BD50E2009F8657 /* Build configuration list for PBXNativeTarget "JSON API" */ = {
			isa = XCConfigurationList;
			buildConfigurations = (
				9664D46923BD50E2009F8657 /* Debug */,
				9664D46A23BD50E2009F8657 /* Release */,
			);
			defaultConfigurationIsVisible = 0;
			defaultConfigurationName = Release;
		};
/* End XCConfigurationList section */
	};
	rootObject = 9664D44C23BD50DE009F8657 /* Project object */;
}
